# @generated - this file is auto-generated by `mise lock` https://mise.en.dev/dev-tools/mise-lock.html

[[tools.claude]]
version = "2.1.170"
backend = "aqua:anthropics/claude-code"

[tools.claude."platforms.linux-x64"]
url = "https://storage.googleapis.com/claude-code-dist-86c565f3-f756-42ad-8dfa-d59b1c096819/claude-code-releases/2.1.170/linux-x64/claude"

[tools.claude."platforms.macos-arm64"]
url = "https://storage.googleapis.com/claude-code-dist-86c565f3-f756-42ad-8dfa-d59b1c096819/claude-code-releases/2.1.170/darwin-arm64/claude"

[[tools.codex]]
version = "0.138.0"
backend = "aqua:openai/codex"

[tools.codex."platforms.linux-x64"]
checksum = "sha256:9ce1e5754e28daa7084fcbf3ffb805824c5d675826e7a399bfb9f808e3f107a2"
url = "https://github.com/openai/codex/releases/download/rust-v0.138.0/codex-x86_64-unknown-linux-musl.zst"

[tools.codex."platforms.macos-arm64"]
checksum = "sha256:72fb66cc5d17cec494e0330fb93c381f4bec4950cf44e14c1ec24bfcd785f4d9"
url = "https://github.com/openai/codex/releases/download/rust-v0.138.0/codex-aarch64-apple-darwin.zst"

[[tools.difftastic]]
version = "0.69.0"
backend = "aqua:Wilfred/difftastic"

[tools.difftastic."platforms.linux-x64"]
checksum = "sha256:c120a4315b33e89678d52b47ea0097cdb1fb57b4f3910b4d77cbeee5eecc8ced"
url = "https://github.com/Wilfred/difftastic/releases/download/0.69.0/difft-x86_64-unknown-linux-musl.tar.gz"

[tools.difftastic."platforms.macos-arm64"]
checksum = "sha256:c958b87885a5825a356c5899ac7ecdd752a7942084199f2be4bc0bf8c9de8e33"
url = "https://github.com/Wilfred/difftastic/releases/download/0.69.0/difft-aarch64-apple-darwin.tar.gz"

[[tools.just]]
version = "1.52.0"
backend = "aqua:casey/just"

[tools.just."platforms.linux-x64"]
checksum = "sha256:e0a712614574d45625332529c864754e26782422b7c7db931466180a618f092d"
url = "https://github.com/casey/just/releases/download/1.52.0/just-1.52.0-x86_64-unknown-linux-musl.tar.gz"

[tools.just."platforms.macos-arm64"]
checksum = "sha256:1538caf566c9d8dd99286a21c0e1224b89f6676b70c16a4bcbeb52dd21fc78f5"
url = "https://github.com/casey/just/releases/download/1.52.0/just-1.52.0-aarch64-apple-darwin.tar.gz"

[[tools.node]]
version = "26.3.0"
backend = "core:node"

[tools.node."platforms.linux-x64"]
checksum = "sha256:a6e65cc653e40c1653b77742f9185dbce3ff1f99fa2746d211bddb53530ef206"
url = "https://nodejs.org/dist/v26.3.0/node-v26.3.0-linux-x64.tar.gz"

[tools.node."platforms.macos-arm64"]
checksum = "sha256:77ef7f7a15aa757c2ca19d63cf41c8d9eb3b18590ebc6883871310787d8c6b6c"
url = "https://nodejs.org/dist/v26.3.0/node-v26.3.0-darwin-arm64.tar.gz"

[[tools.oxfmt]]
version = "0.54.0"
backend = "npm:oxfmt"

[[tools.rtk]]
version = "0.42.3"
backend = "aqua:rtk-ai/rtk"

[tools.rtk."platforms.linux-x64"]
checksum = "sha256:5df764a633709cb85d248258d085d24ec95faa8bca0e6835a93cd57cadc4eb9e"
url = "https://github.com/rtk-ai/rtk/releases/download/v0.42.3/rtk-x86_64-unknown-linux-musl.tar.gz"

[tools.rtk."platforms.macos-arm64"]
checksum = "sha256:d47823afb25919e4e60838c5622e88ffa6536bc0b36a34a3f928bdccac40f614"
url = "https://github.com/rtk-ai/rtk/releases/download/v0.42.3/rtk-aarch64-apple-darwin.tar.gz"

[[tools.shellcheck]]
version = "0.11.0"
backend = "aqua:koalaman/shellcheck"

[tools.shellcheck."platforms.linux-x64"]
checksum = "sha256:8c3be12b05d5c177a04c29e3c78ce89ac86f1595681cab149b65b97c4e227198"
url = "https://github.com/koalaman/shellcheck/releases/download/v0.11.0/shellcheck-v0.11.0.linux.x86_64.tar.xz"

[tools.shellcheck."platforms.macos-arm64"]
checksum = "sha256:56affdd8de5527894dca6dc3d7e0a99a873b0f004d7aabc30ae407d3f48b0a79"
url = "https://github.com/koalaman/shellcheck/releases/download/v0.11.0/shellcheck-v0.11.0.darwin.aarch64.tar.xz"
