# @generated - this file is auto-generated by `mise lock` https://mise.en.dev/dev-tools/mise-lock.html

[[tools.biome]]
version = "2.4.15"
backend = "aqua:biomejs/biome"

[tools.biome."platforms.linux-arm64"]
checksum = "sha256:7eb8d592da36b990a43f00545469c29b149e665ff0eb1fcd45e37f0d6153e2ae"
url = "https://github.com/biomejs/biome/releases/download/%40biomejs/biome%402.4.15/biome-linux-arm64"
provenance = "github-attestations"

[tools.biome."platforms.linux-arm64-musl"]
checksum = "sha256:9dfd5ab51e493864777fc77447d8416cc19d70d644d900048e703aad95afe9d2"
url = "https://github.com/biomejs/biome/releases/download/%40biomejs/biome%402.4.15/biome-linux-arm64-musl"
provenance = "github-attestations"

[tools.biome."platforms.linux-x64"]
checksum = "sha256:8dafe2739eafd03230ea1bd3be1a8aa036cf3dc1ab385987f4c2c72c7c2f3500"
url = "https://github.com/biomejs/biome/releases/download/%40biomejs/biome%402.4.15/biome-linux-x64"
provenance = "github-attestations"

[tools.biome."platforms.linux-x64-musl"]
checksum = "sha256:60b19c9c7e611e1b18268b3d9baf9ec903f6ca184c3a8e81845f68fd3b621f49"
url = "https://github.com/biomejs/biome/releases/download/%40biomejs/biome%402.4.15/biome-linux-x64-musl"
provenance = "github-attestations"

[tools.biome."platforms.macos-arm64"]
checksum = "sha256:b2c65601b3b0fcd0606c4152f20e3774aadf0b73ba791b8dbcff7e6f1a4fa17a"
url = "https://github.com/biomejs/biome/releases/download/%40biomejs/biome%402.4.15/biome-darwin-arm64"
provenance = "github-attestations"

[tools.biome."platforms.macos-x64"]
checksum = "sha256:fab8a39dc54a38f820b2952f7f80e7e8993483b7501a4f19d1cbf4361128a07d"
url = "https://github.com/biomejs/biome/releases/download/%40biomejs/biome%402.4.15/biome-darwin-x64"
provenance = "github-attestations"

[tools.biome."platforms.windows-x64"]
checksum = "sha256:a77a61537dfc6f923b5b1fc912bc2e0ed46a83c3303ca973695d7f4f8351c71e"
url = "https://github.com/biomejs/biome/releases/download/%40biomejs/biome%402.4.15/biome-win32-x64.exe"
provenance = "github-attestations"
