# @generated - this file is auto-generated by `mise lock` https://mise.en.dev/dev-tools/mise-lock.html

[[tools.claude]]
version = "2.1.150"
backend = "aqua:anthropics/claude-code"

[tools.claude."platforms.linux-x64"]
url = "https://storage.googleapis.com/claude-code-dist-86c565f3-f756-42ad-8dfa-d59b1c096819/claude-code-releases/2.1.150/linux-x64/claude"

[tools.claude."platforms.macos-arm64"]
url = "https://storage.googleapis.com/claude-code-dist-86c565f3-f756-42ad-8dfa-d59b1c096819/claude-code-releases/2.1.150/darwin-arm64/claude"

[[tools.codex]]
version = "0.133.0"
backend = "aqua:openai/codex"

[tools.codex."platforms.linux-x64"]
checksum = "sha256:dd196b05078ac6d4af667d831f99ab867289f7483611ed2154dd5554d4535701"
url = "https://github.com/openai/codex/releases/download/rust-v0.133.0/codex-x86_64-unknown-linux-musl.zst"

[tools.codex."platforms.macos-arm64"]
checksum = "sha256:19c8752f15a1ed72fb8f8ca4ce2fb6738ac2384f8ab09b7d68e6ee2fbc2250bd"
url = "https://github.com/openai/codex/releases/download/rust-v0.133.0/codex-aarch64-apple-darwin.zst"

[[tools.just]]
version = "1.51.0"
backend = "aqua:casey/just"

[tools.just."platforms.linux-x64"]
checksum = "sha256:c8f085ca3e885723c341d06243fc291b5abfdc8bbe3b2c076b117de490387b59"
url = "https://github.com/casey/just/releases/download/1.51.0/just-1.51.0-x86_64-unknown-linux-musl.tar.gz"

[tools.just."platforms.macos-arm64"]
checksum = "sha256:61e3f1b8a545ff064b091eab4b6e14f8cc743ff15549be293b1e92f5b1467002"
url = "https://github.com/casey/just/releases/download/1.51.0/just-1.51.0-aarch64-apple-darwin.tar.gz"

[[tools.oxfmt]]
version = "0.51.0"
backend = "npm:oxfmt"

[[tools.rtk]]
version = "0.42.0"
backend = "aqua:rtk-ai/rtk"

[tools.rtk."platforms.linux-x64"]
checksum = "sha256:cdd4f87ac97ce958f71b53a991880d6adcc41cc5bca1044175a64630980152be"
url = "https://github.com/rtk-ai/rtk/releases/download/v0.42.0/rtk-x86_64-unknown-linux-musl.tar.gz"
url_api = "https://api.github.com/repos/rtk-ai/rtk/releases/assets/428637341"

[tools.rtk."platforms.macos-arm64"]
checksum = "sha256:cddc9cd11cdf80b3342eebaba0e6ab26d9c8dec45295ea44cf98062987185724"
url = "https://github.com/rtk-ai/rtk/releases/download/v0.42.0/rtk-aarch64-apple-darwin.tar.gz"
url_api = "https://api.github.com/repos/rtk-ai/rtk/releases/assets/428637345"
