# @generated - this file is auto-generated by `mise lock` https://mise.en.dev/dev-tools/mise-lock.html

[[tools.claude]]
version = "2.1.162"
backend = "aqua:anthropics/claude-code"

[tools.claude."platforms.linux-arm64"]
url = "https://storage.googleapis.com/claude-code-dist-86c565f3-f756-42ad-8dfa-d59b1c096819/claude-code-releases/2.1.162/linux-arm64/claude"

[tools.claude."platforms.linux-arm64-musl"]
url = "https://storage.googleapis.com/claude-code-dist-86c565f3-f756-42ad-8dfa-d59b1c096819/claude-code-releases/2.1.162/linux-arm64-musl/claude"

[tools.claude."platforms.linux-x64"]
url = "https://storage.googleapis.com/claude-code-dist-86c565f3-f756-42ad-8dfa-d59b1c096819/claude-code-releases/2.1.162/linux-x64/claude"

[tools.claude."platforms.linux-x64-musl"]
url = "https://storage.googleapis.com/claude-code-dist-86c565f3-f756-42ad-8dfa-d59b1c096819/claude-code-releases/2.1.162/linux-x64-musl/claude"

[tools.claude."platforms.macos-arm64"]
url = "https://storage.googleapis.com/claude-code-dist-86c565f3-f756-42ad-8dfa-d59b1c096819/claude-code-releases/2.1.162/darwin-arm64/claude"

[tools.claude."platforms.macos-x64"]
url = "https://storage.googleapis.com/claude-code-dist-86c565f3-f756-42ad-8dfa-d59b1c096819/claude-code-releases/2.1.162/darwin-x64/claude"

[[tools.codex]]
version = "0.135.0"
backend = "aqua:openai/codex"

[tools.codex."platforms.linux-arm64"]
checksum = "sha256:6356f7c65faf3ba51dc89288ac9b6c869803d3492e8f0555ad3fa24009057ba1"
url = "https://github.com/openai/codex/releases/download/rust-v0.135.0/codex-aarch64-unknown-linux-musl.zst"

[tools.codex."platforms.linux-arm64-musl"]
checksum = "sha256:6356f7c65faf3ba51dc89288ac9b6c869803d3492e8f0555ad3fa24009057ba1"
url = "https://github.com/openai/codex/releases/download/rust-v0.135.0/codex-aarch64-unknown-linux-musl.zst"

[tools.codex."platforms.linux-x64"]
checksum = "sha256:9707e105109eb4f0f6b2c0f8f14a3df39126f002f61b04e1c1fbe6786ed964a7"
url = "https://github.com/openai/codex/releases/download/rust-v0.135.0/codex-x86_64-unknown-linux-musl.zst"

[tools.codex."platforms.linux-x64-musl"]
checksum = "sha256:9707e105109eb4f0f6b2c0f8f14a3df39126f002f61b04e1c1fbe6786ed964a7"
url = "https://github.com/openai/codex/releases/download/rust-v0.135.0/codex-x86_64-unknown-linux-musl.zst"

[tools.codex."platforms.macos-arm64"]
checksum = "sha256:66ab59c5f62850c169d6530e7152075eb4ef6ebbe9bc073122630de82a471047"
url = "https://github.com/openai/codex/releases/download/rust-v0.135.0/codex-aarch64-apple-darwin.zst"

[tools.codex."platforms.macos-x64"]
checksum = "sha256:b753b9598c7fe95d6e24577d8d76752b79b85d12c460a81c4ab5d73815fcced8"
url = "https://github.com/openai/codex/releases/download/rust-v0.135.0/codex-x86_64-apple-darwin.zst"

[tools.codex."platforms.windows-x64"]
checksum = "sha256:c8b5e0c2ab4a5fad516e94738bf19f9299b89dddfc7aa32bccb56b6fa882e61f"
url = "https://github.com/openai/codex/releases/download/rust-v0.135.0/codex-x86_64-pc-windows-msvc.exe.zst"

[[tools.crane]]
version = "0.21.6"
backend = "aqua:google/go-containerregistry"

[tools.crane."platforms.linux-arm64"]
checksum = "sha256:6f61571ca0c2a5da27c2927fcb143255ccb2b74b8977dfcb44645b372ab0f951"
url = "https://github.com/google/go-containerregistry/releases/download/v0.21.6/go-containerregistry_Linux_arm64.tar.gz"

[tools.crane."platforms.linux-arm64-musl"]
checksum = "sha256:6f61571ca0c2a5da27c2927fcb143255ccb2b74b8977dfcb44645b372ab0f951"
url = "https://github.com/google/go-containerregistry/releases/download/v0.21.6/go-containerregistry_Linux_arm64.tar.gz"

[tools.crane."platforms.linux-x64"]
checksum = "sha256:7ebbdcd05b652345c1f5105f8475e518534b90d66f3bdb50017be63f426ea435"
url = "https://github.com/google/go-containerregistry/releases/download/v0.21.6/go-containerregistry_Linux_x86_64.tar.gz"

[tools.crane."platforms.linux-x64-musl"]
checksum = "sha256:7ebbdcd05b652345c1f5105f8475e518534b90d66f3bdb50017be63f426ea435"
url = "https://github.com/google/go-containerregistry/releases/download/v0.21.6/go-containerregistry_Linux_x86_64.tar.gz"

[tools.crane."platforms.macos-arm64"]
checksum = "sha256:a124f297d1e63e8b6c63c2463e43565290d2fd074c1dadb5ca73d737bc7b2484"
url = "https://github.com/google/go-containerregistry/releases/download/v0.21.6/go-containerregistry_Darwin_arm64.tar.gz"

[tools.crane."platforms.macos-x64"]
checksum = "sha256:f1e653737a1d6e8a412734d0ac25009e04eccec98853be2eb59b8c744dede834"
url = "https://github.com/google/go-containerregistry/releases/download/v0.21.6/go-containerregistry_Darwin_x86_64.tar.gz"

[tools.crane."platforms.windows-x64"]
checksum = "sha256:fb78f814f68ab47266458f319ca7e642a303453ea25c8993a14eb9850c56e870"
url = "https://github.com/google/go-containerregistry/releases/download/v0.21.6/go-containerregistry_Windows_x86_64.tar.gz"

[[tools.just]]
version = "1.51.0"
backend = "aqua:casey/just"

[tools.just."platforms.linux-arm64"]
checksum = "sha256:ed7ec466b77709198fd4afed253dba0270203ba5eb1c006bee2b0139090284f5"
url = "https://github.com/casey/just/releases/download/1.51.0/just-1.51.0-aarch64-unknown-linux-musl.tar.gz"

[tools.just."platforms.linux-arm64-musl"]
checksum = "sha256:ed7ec466b77709198fd4afed253dba0270203ba5eb1c006bee2b0139090284f5"
url = "https://github.com/casey/just/releases/download/1.51.0/just-1.51.0-aarch64-unknown-linux-musl.tar.gz"

[tools.just."platforms.linux-x64"]
checksum = "sha256:c8f085ca3e885723c341d06243fc291b5abfdc8bbe3b2c076b117de490387b59"
url = "https://github.com/casey/just/releases/download/1.51.0/just-1.51.0-x86_64-unknown-linux-musl.tar.gz"

[tools.just."platforms.linux-x64-musl"]
checksum = "sha256:c8f085ca3e885723c341d06243fc291b5abfdc8bbe3b2c076b117de490387b59"
url = "https://github.com/casey/just/releases/download/1.51.0/just-1.51.0-x86_64-unknown-linux-musl.tar.gz"

[tools.just."platforms.macos-arm64"]
checksum = "sha256:61e3f1b8a545ff064b091eab4b6e14f8cc743ff15549be293b1e92f5b1467002"
url = "https://github.com/casey/just/releases/download/1.51.0/just-1.51.0-aarch64-apple-darwin.tar.gz"

[tools.just."platforms.macos-x64"]
checksum = "sha256:d583e45f1f9fcdd26069ad2fe3bb9dea414756d8d0752eb9093974cb5c0246f0"
url = "https://github.com/casey/just/releases/download/1.51.0/just-1.51.0-x86_64-apple-darwin.tar.gz"

[tools.just."platforms.windows-x64"]
checksum = "sha256:09d1138b6845e73f04bff5e26be3f57663bddca25e36fe6241d28a5aa310b64e"
url = "https://github.com/casey/just/releases/download/1.51.0/just-1.51.0-x86_64-pc-windows-msvc.zip"

[[tools.opencode]]
version = "1.15.13"
backend = "aqua:anomalyco/opencode"

[tools.opencode."platforms.linux-arm64"]
checksum = "sha256:7a0e5da2427c7804314fe0f87b74b4408467f94e3b8b1a61ba25a1d71fe0b4d2"
url = "https://github.com/anomalyco/opencode/releases/download/v1.15.13/opencode-linux-arm64.tar.gz"

[tools.opencode."platforms.linux-arm64-musl"]
checksum = "sha256:a98c2da185a059c29a9b6764dc7da05e91a63c8c0480163d138e7d812882c9bf"
url = "https://github.com/anomalyco/opencode/releases/download/v1.15.13/opencode-linux-arm64-musl.tar.gz"

[tools.opencode."platforms.linux-x64"]
checksum = "sha256:51785a07c009f27c5125a5235c5a0ff78433dace07f73fbc44eb672ead4b3d79"
url = "https://github.com/anomalyco/opencode/releases/download/v1.15.13/opencode-linux-x64.tar.gz"

[tools.opencode."platforms.linux-x64-musl"]
checksum = "sha256:61f0eed6cbe3114bd22fad53098bcf397e298b51d6e113194b30c32f19002db7"
url = "https://github.com/anomalyco/opencode/releases/download/v1.15.13/opencode-linux-x64-musl.tar.gz"

[tools.opencode."platforms.macos-arm64"]
checksum = "sha256:be369a38d15a22e83fad34874d1bc7ddead8084e07df292b28d079287d54ab0c"
url = "https://github.com/anomalyco/opencode/releases/download/v1.15.13/opencode-darwin-arm64.zip"

[tools.opencode."platforms.macos-x64"]
checksum = "sha256:e0da1f0c011daa8717479014968d7ec8ce672801a8ba4710f49471dc9fbb2c7b"
url = "https://github.com/anomalyco/opencode/releases/download/v1.15.13/opencode-darwin-x64.zip"

[tools.opencode."platforms.windows-x64"]
checksum = "sha256:186c5d42c3540e401b3e112ee28c964873cb04f61f1a8b0b43c3c88337efed85"
url = "https://github.com/anomalyco/opencode/releases/download/v1.15.13/opencode-windows-x64.zip"

[[tools.rtk]]
version = "0.42.1"
backend = "aqua:rtk-ai/rtk"

[tools.rtk."platforms.linux-arm64"]
checksum = "sha256:32f4d78766e2f5b43756efce3c699dc4da8beef5296deb02fa7756f3257eb25c"
url = "https://github.com/rtk-ai/rtk/releases/download/v0.42.1/rtk-aarch64-unknown-linux-gnu.tar.gz"

[tools.rtk."platforms.linux-x64"]
checksum = "sha256:a37ca300a42510a964453f2bc2e217769ef0872780af802db8a7d698f1da2465"
url = "https://github.com/rtk-ai/rtk/releases/download/v0.42.1/rtk-x86_64-unknown-linux-musl.tar.gz"

[tools.rtk."platforms.linux-x64-musl"]
checksum = "sha256:a37ca300a42510a964453f2bc2e217769ef0872780af802db8a7d698f1da2465"
url = "https://github.com/rtk-ai/rtk/releases/download/v0.42.1/rtk-x86_64-unknown-linux-musl.tar.gz"

[tools.rtk."platforms.macos-arm64"]
checksum = "sha256:401d72a80c0efc597ae9469f053ce51c70334ea427527464ab76f8e298da2447"
url = "https://github.com/rtk-ai/rtk/releases/download/v0.42.1/rtk-aarch64-apple-darwin.tar.gz"

[tools.rtk."platforms.macos-x64"]
checksum = "sha256:6165d80f40db0f46f8af2ea15d0132e957e2717aa74507906c7ce5b3c20c655e"
url = "https://github.com/rtk-ai/rtk/releases/download/v0.42.1/rtk-x86_64-apple-darwin.tar.gz"

[tools.rtk."platforms.windows-x64"]
checksum = "sha256:5f292b031595405671b41e29aa5016931e8598949c25d9751f0eebd2eccefe0b"
url = "https://github.com/rtk-ai/rtk/releases/download/v0.42.1/rtk-x86_64-pc-windows-msvc.zip"
