# @generated - this file is auto-generated by `mise lock` https://mise.en.dev/dev-tools/mise-lock.html

[[tools.btop]]
version = "1.4.7"
backend = "aqua:aristocratos/btop"

[tools.btop."platforms.linux-arm64"]
checksum = "sha256:6270de0ef4c84cf0eea61cb148b3ad9ae91a11e9c3309867ffc6b3751024c252"
url = "https://github.com/aristocratos/btop/releases/download/v1.4.7/btop-aarch64-unknown-linux-musl.tar.gz"

[tools.btop."platforms.linux-arm64-musl"]
checksum = "sha256:6270de0ef4c84cf0eea61cb148b3ad9ae91a11e9c3309867ffc6b3751024c252"
url = "https://github.com/aristocratos/btop/releases/download/v1.4.7/btop-aarch64-unknown-linux-musl.tar.gz"

[tools.btop."platforms.linux-x64"]
checksum = "sha256:5099054dd6a101bd12eb6ff3702a9a6a3f57aaa27923a0da478ae5b517faf335"
url = "https://github.com/aristocratos/btop/releases/download/v1.4.7/btop-x86_64-unknown-linux-musl.tar.gz"

[tools.btop."platforms.linux-x64-musl"]
checksum = "sha256:5099054dd6a101bd12eb6ff3702a9a6a3f57aaa27923a0da478ae5b517faf335"
url = "https://github.com/aristocratos/btop/releases/download/v1.4.7/btop-x86_64-unknown-linux-musl.tar.gz"

[[tools."cargo:https://github.com/Ataraxy-Labs/sem"]]
version = "HEAD"
backend = "cargo:https://github.com/Ataraxy-Labs/sem"

[tools."cargo:https://github.com/Ataraxy-Labs/sem".options]
crate = "sem-cli"

[[tools."cargo:sqruff"]]
version = "0.38.0"
backend = "cargo:sqruff"

[[tools.claude]]
version = "2.1.165"
backend = "aqua:anthropics/claude-code"

[tools.claude."platforms.linux-arm64"]
url = "https://storage.googleapis.com/claude-code-dist-86c565f3-f756-42ad-8dfa-d59b1c096819/claude-code-releases/2.1.165/linux-arm64/claude"

[tools.claude."platforms.linux-arm64-musl"]
url = "https://storage.googleapis.com/claude-code-dist-86c565f3-f756-42ad-8dfa-d59b1c096819/claude-code-releases/2.1.165/linux-arm64-musl/claude"

[tools.claude."platforms.linux-x64"]
url = "https://storage.googleapis.com/claude-code-dist-86c565f3-f756-42ad-8dfa-d59b1c096819/claude-code-releases/2.1.165/linux-x64/claude"

[tools.claude."platforms.linux-x64-musl"]
url = "https://storage.googleapis.com/claude-code-dist-86c565f3-f756-42ad-8dfa-d59b1c096819/claude-code-releases/2.1.165/linux-x64-musl/claude"

[tools.claude."platforms.macos-arm64"]
url = "https://storage.googleapis.com/claude-code-dist-86c565f3-f756-42ad-8dfa-d59b1c096819/claude-code-releases/2.1.165/darwin-arm64/claude"

[tools.claude."platforms.macos-x64"]
url = "https://storage.googleapis.com/claude-code-dist-86c565f3-f756-42ad-8dfa-d59b1c096819/claude-code-releases/2.1.165/darwin-x64/claude"

[[tools.codex]]
version = "0.137.0"
backend = "aqua:openai/codex"

[tools.codex."platforms.linux-arm64"]
checksum = "sha256:2f35abf00a21ba207a3e39a229469114013def73f684ba03b5af8f49dc59a5a3"
url = "https://github.com/openai/codex/releases/download/rust-v0.137.0/codex-aarch64-unknown-linux-musl.zst"

[tools.codex."platforms.linux-arm64-musl"]
checksum = "sha256:2f35abf00a21ba207a3e39a229469114013def73f684ba03b5af8f49dc59a5a3"
url = "https://github.com/openai/codex/releases/download/rust-v0.137.0/codex-aarch64-unknown-linux-musl.zst"

[tools.codex."platforms.linux-x64"]
checksum = "sha256:7d27c176a986e6be37fe238cb364d59d1b0e991e2c246d828d14a123c6037cc3"
url = "https://github.com/openai/codex/releases/download/rust-v0.137.0/codex-x86_64-unknown-linux-musl.zst"

[tools.codex."platforms.linux-x64-musl"]
checksum = "sha256:7d27c176a986e6be37fe238cb364d59d1b0e991e2c246d828d14a123c6037cc3"
url = "https://github.com/openai/codex/releases/download/rust-v0.137.0/codex-x86_64-unknown-linux-musl.zst"

[tools.codex."platforms.macos-arm64"]
checksum = "sha256:def3a25d9ba3f2c8e7562b009eea421d1a2711ea66803203d3a3426001710158"
url = "https://github.com/openai/codex/releases/download/rust-v0.137.0/codex-aarch64-apple-darwin.zst"

[tools.codex."platforms.macos-x64"]
checksum = "sha256:91372895097a7c6c6e36671291bcac82706df90f25b6f1567e9b8cc64c2bebac"
url = "https://github.com/openai/codex/releases/download/rust-v0.137.0/codex-x86_64-apple-darwin.zst"

[tools.codex."platforms.windows-x64"]
checksum = "sha256:327e93f43d039734353d2ba7feb8ecffd8a0f90c068c5370ac2ae4f80436aa7a"
url = "https://github.com/openai/codex/releases/download/rust-v0.137.0/codex-x86_64-pc-windows-msvc.exe.zst"

[[tools.crane]]
version = "0.21.6"
backend = "aqua:google/go-containerregistry"

[tools.crane."platforms.linux-arm64"]
checksum = "sha256:6f61571ca0c2a5da27c2927fcb143255ccb2b74b8977dfcb44645b372ab0f951"
url = "https://github.com/google/go-containerregistry/releases/download/v0.21.6/go-containerregistry_Linux_arm64.tar.gz"

[tools.crane."platforms.linux-arm64-musl"]
checksum = "sha256:6f61571ca0c2a5da27c2927fcb143255ccb2b74b8977dfcb44645b372ab0f951"
url = "https://github.com/google/go-containerregistry/releases/download/v0.21.6/go-containerregistry_Linux_arm64.tar.gz"

[tools.crane."platforms.linux-x64"]
checksum = "sha256:7ebbdcd05b652345c1f5105f8475e518534b90d66f3bdb50017be63f426ea435"
url = "https://github.com/google/go-containerregistry/releases/download/v0.21.6/go-containerregistry_Linux_x86_64.tar.gz"

[tools.crane."platforms.linux-x64-musl"]
checksum = "sha256:7ebbdcd05b652345c1f5105f8475e518534b90d66f3bdb50017be63f426ea435"
url = "https://github.com/google/go-containerregistry/releases/download/v0.21.6/go-containerregistry_Linux_x86_64.tar.gz"

[tools.crane."platforms.macos-arm64"]
checksum = "sha256:a124f297d1e63e8b6c63c2463e43565290d2fd074c1dadb5ca73d737bc7b2484"
url = "https://github.com/google/go-containerregistry/releases/download/v0.21.6/go-containerregistry_Darwin_arm64.tar.gz"

[tools.crane."platforms.macos-x64"]
checksum = "sha256:f1e653737a1d6e8a412734d0ac25009e04eccec98853be2eb59b8c744dede834"
url = "https://github.com/google/go-containerregistry/releases/download/v0.21.6/go-containerregistry_Darwin_x86_64.tar.gz"

[tools.crane."platforms.windows-x64"]
checksum = "sha256:fb78f814f68ab47266458f319ca7e642a303453ea25c8993a14eb9850c56e870"
url = "https://github.com/google/go-containerregistry/releases/download/v0.21.6/go-containerregistry_Windows_x86_64.tar.gz"

[[tools.difftastic]]
version = "0.69.0"
backend = "aqua:Wilfred/difftastic"

[tools.difftastic."platforms.linux-arm64"]
checksum = "sha256:abd2f42d2afd424312b4862aa7c7bb0320447670ae22fabcc5159db03e2dccbd"
url = "https://github.com/Wilfred/difftastic/releases/download/0.69.0/difft-aarch64-unknown-linux-gnu.tar.gz"

[tools.difftastic."platforms.linux-x64"]
checksum = "sha256:c120a4315b33e89678d52b47ea0097cdb1fb57b4f3910b4d77cbeee5eecc8ced"
url = "https://github.com/Wilfred/difftastic/releases/download/0.69.0/difft-x86_64-unknown-linux-musl.tar.gz"

[tools.difftastic."platforms.linux-x64-musl"]
checksum = "sha256:c120a4315b33e89678d52b47ea0097cdb1fb57b4f3910b4d77cbeee5eecc8ced"
url = "https://github.com/Wilfred/difftastic/releases/download/0.69.0/difft-x86_64-unknown-linux-musl.tar.gz"

[tools.difftastic."platforms.macos-arm64"]
checksum = "sha256:c958b87885a5825a356c5899ac7ecdd752a7942084199f2be4bc0bf8c9de8e33"
url = "https://github.com/Wilfred/difftastic/releases/download/0.69.0/difft-aarch64-apple-darwin.tar.gz"

[tools.difftastic."platforms.macos-x64"]
checksum = "sha256:5f5487e7a6e817194a1cef297d2ffb300454371635a4cde865087dbc064730a2"
url = "https://github.com/Wilfred/difftastic/releases/download/0.69.0/difft-x86_64-apple-darwin.tar.gz"

[tools.difftastic."platforms.windows-x64"]
checksum = "sha256:a5adbf57eb1b923b62d1c3596c4f827df143f5b52cfba48bb9e83f41dea90c02"
url = "https://github.com/Wilfred/difftastic/releases/download/0.69.0/difft-x86_64-pc-windows-msvc.zip"

[[tools.fzf]]
version = "0.73.1"
backend = "aqua:junegunn/fzf"

[tools.fzf."platforms.linux-arm64"]
checksum = "sha256:a408b0b6c08d486307b8f1554f967b8b50ee1b3ea8b4035e3161bab31fdfc28d"
url = "https://github.com/junegunn/fzf/releases/download/v0.73.1/fzf-0.73.1-linux_arm64.tar.gz"

[tools.fzf."platforms.linux-arm64-musl"]
checksum = "sha256:a408b0b6c08d486307b8f1554f967b8b50ee1b3ea8b4035e3161bab31fdfc28d"
url = "https://github.com/junegunn/fzf/releases/download/v0.73.1/fzf-0.73.1-linux_arm64.tar.gz"

[tools.fzf."platforms.linux-x64"]
checksum = "sha256:f3252c2c366bc1700d3c85781ec8c9695998927ac127870eb049ceea2d540f8a"
url = "https://github.com/junegunn/fzf/releases/download/v0.73.1/fzf-0.73.1-linux_amd64.tar.gz"

[tools.fzf."platforms.linux-x64-musl"]
checksum = "sha256:f3252c2c366bc1700d3c85781ec8c9695998927ac127870eb049ceea2d540f8a"
url = "https://github.com/junegunn/fzf/releases/download/v0.73.1/fzf-0.73.1-linux_amd64.tar.gz"

[tools.fzf."platforms.macos-arm64"]
checksum = "sha256:d27fd68c04fb9b42f7c73a3f7d38069a74d308e40174f64a072c747213e97286"
url = "https://github.com/junegunn/fzf/releases/download/v0.73.1/fzf-0.73.1-darwin_arm64.tar.gz"

[tools.fzf."platforms.macos-x64"]
checksum = "sha256:75bbf15248d1cf0a13eafc75b8a55f5075c437e2ba6d76899afc53f4f3e1b38c"
url = "https://github.com/junegunn/fzf/releases/download/v0.73.1/fzf-0.73.1-darwin_amd64.tar.gz"

[tools.fzf."platforms.windows-x64"]
checksum = "sha256:521a974dc32e93404265e55bffaf71a59e05e80abdf8ca4afb21a6030dc76f5f"
url = "https://github.com/junegunn/fzf/releases/download/v0.73.1/fzf-0.73.1-windows_amd64.zip"

[[tools.gh]]
version = "2.93.0"
backend = "aqua:cli/cli"

[tools.gh."platforms.linux-arm64"]
checksum = "sha256:c55feb33684abba57e9909737340d5b39282257c0363e1edde6785ac4a413be7"
url = "https://github.com/cli/cli/releases/download/v2.93.0/gh_2.93.0_linux_arm64.tar.gz"
provenance = "github-attestations"

[tools.gh."platforms.linux-arm64-musl"]
checksum = "sha256:c55feb33684abba57e9909737340d5b39282257c0363e1edde6785ac4a413be7"
url = "https://github.com/cli/cli/releases/download/v2.93.0/gh_2.93.0_linux_arm64.tar.gz"
provenance = "github-attestations"

[tools.gh."platforms.linux-x64"]
checksum = "sha256:02d1290eba130e0b896f3709ffff22e1c75a51475ddb70476a85abc6b5807af0"
url = "https://github.com/cli/cli/releases/download/v2.93.0/gh_2.93.0_linux_amd64.tar.gz"
provenance = "github-attestations"

[tools.gh."platforms.linux-x64-musl"]
checksum = "sha256:02d1290eba130e0b896f3709ffff22e1c75a51475ddb70476a85abc6b5807af0"
url = "https://github.com/cli/cli/releases/download/v2.93.0/gh_2.93.0_linux_amd64.tar.gz"
provenance = "github-attestations"

[tools.gh."platforms.macos-arm64"]
checksum = "sha256:a86be4e0a86c26456cf71177d6572d6f1165cf1679e532b72f7f15918ee51fd2"
url = "https://github.com/cli/cli/releases/download/v2.93.0/gh_2.93.0_macOS_arm64.zip"
provenance = "github-attestations"

[tools.gh."platforms.macos-x64"]
checksum = "sha256:009425b9d175c482037fe25181817fd6b1ea3ae1f51cfae0e18f29f33d3152ac"
url = "https://github.com/cli/cli/releases/download/v2.93.0/gh_2.93.0_macOS_amd64.zip"
provenance = "github-attestations"

[tools.gh."platforms.windows-x64"]
checksum = "sha256:77aa01ed7317295ad550de0ad04f3f276b1ef0e9272e3d002ac28dd99853d211"
url = "https://github.com/cli/cli/releases/download/v2.93.0/gh_2.93.0_windows_amd64.zip"
provenance = "github-attestations"

[[tools."github:aviator-co/av"]]
version = "0.1.40"
backend = "github:aviator-co/av"

[tools."github:aviator-co/av"."platforms.linux-arm64"]
checksum = "sha256:463b4136d2dd8cb362a49737a083792a63884c65fab3350666e09faa879d8d02"
url = "https://github.com/aviator-co/av/releases/download/v0.1.40/av_0.1.40_linux_arm64.tar.gz"
url_api = "https://api.github.com/repos/aviator-co/av/releases/assets/442209072"

[tools."github:aviator-co/av"."platforms.linux-arm64-musl"]
checksum = "sha256:463b4136d2dd8cb362a49737a083792a63884c65fab3350666e09faa879d8d02"
url = "https://github.com/aviator-co/av/releases/download/v0.1.40/av_0.1.40_linux_arm64.tar.gz"
url_api = "https://api.github.com/repos/aviator-co/av/releases/assets/442209072"

[tools."github:aviator-co/av"."platforms.linux-x64"]
checksum = "sha256:8ed169872c5d41d4ccceaab08c2ab9d4bc87e38d7ee426524710e8ea880f46c3"
url = "https://github.com/aviator-co/av/releases/download/v0.1.40/av_0.1.40_linux_x86_64.tar.gz"
url_api = "https://api.github.com/repos/aviator-co/av/releases/assets/442209071"

[tools."github:aviator-co/av"."platforms.linux-x64-musl"]
checksum = "sha256:8ed169872c5d41d4ccceaab08c2ab9d4bc87e38d7ee426524710e8ea880f46c3"
url = "https://github.com/aviator-co/av/releases/download/v0.1.40/av_0.1.40_linux_x86_64.tar.gz"
url_api = "https://api.github.com/repos/aviator-co/av/releases/assets/442209071"

[tools."github:aviator-co/av"."platforms.macos-arm64"]
checksum = "sha256:3751fd6a5e8df3f2e35c3cf8e29281ae1ca4b6b01a8d4c31aec5b49038af6302"
url = "https://github.com/aviator-co/av/releases/download/v0.1.40/av_0.1.40_darwin_arm64.tar.gz"
url_api = "https://api.github.com/repos/aviator-co/av/releases/assets/442209088"

[tools."github:aviator-co/av"."platforms.macos-x64"]
checksum = "sha256:6171128633389576958ebb5a0ee0e658256b57066d30eab950ba5ce2b9dd1403"
url = "https://github.com/aviator-co/av/releases/download/v0.1.40/av_0.1.40_darwin_x86_64.tar.gz"
url_api = "https://api.github.com/repos/aviator-co/av/releases/assets/442209091"

[tools."github:aviator-co/av"."platforms.windows-x64"]
checksum = "sha256:adfcd06388b608a9fcbda4a6c8318a9035c0b8dc8fc23ca310c2a5cf33271890"
url = "https://github.com/aviator-co/av/releases/download/v0.1.40/av_0.1.40_windows_x86_64.tar.gz"
url_api = "https://api.github.com/repos/aviator-co/av/releases/assets/442209076"

[[tools."github:jorgerojas26/lazysql"]]
version = "0.5.3"
backend = "github:jorgerojas26/lazysql"

[tools."github:jorgerojas26/lazysql"."platforms.linux-arm64"]
checksum = "sha256:4e6a2289355009205e16edeeb63a8b3716a178c9f8ad11dd82cbd89952ab39b2"
url = "https://github.com/jorgerojas26/lazysql/releases/download/v0.5.3/lazysql_Linux_arm64.tar.gz"
url_api = "https://api.github.com/repos/jorgerojas26/lazysql/releases/assets/435525851"

[tools."github:jorgerojas26/lazysql"."platforms.linux-arm64-musl"]
checksum = "sha256:4e6a2289355009205e16edeeb63a8b3716a178c9f8ad11dd82cbd89952ab39b2"
url = "https://github.com/jorgerojas26/lazysql/releases/download/v0.5.3/lazysql_Linux_arm64.tar.gz"
url_api = "https://api.github.com/repos/jorgerojas26/lazysql/releases/assets/435525851"

[tools."github:jorgerojas26/lazysql"."platforms.linux-x64"]
checksum = "sha256:4865ae00a7ef5ff0b37cbdbb1f3ec65795498939ac8f260d0823f3566718580d"
url = "https://github.com/jorgerojas26/lazysql/releases/download/v0.5.3/lazysql_Linux_x86_64.tar.gz"
url_api = "https://api.github.com/repos/jorgerojas26/lazysql/releases/assets/435525874"

[tools."github:jorgerojas26/lazysql"."platforms.linux-x64-musl"]
checksum = "sha256:4865ae00a7ef5ff0b37cbdbb1f3ec65795498939ac8f260d0823f3566718580d"
url = "https://github.com/jorgerojas26/lazysql/releases/download/v0.5.3/lazysql_Linux_x86_64.tar.gz"
url_api = "https://api.github.com/repos/jorgerojas26/lazysql/releases/assets/435525874"

[tools."github:jorgerojas26/lazysql"."platforms.macos-arm64"]
checksum = "sha256:790e5b02ca4b9a55828882a5a3ad464bda54561434a5562a86cf27db5238f025"
url = "https://github.com/jorgerojas26/lazysql/releases/download/v0.5.3/lazysql_Darwin_arm64.tar.gz"
url_api = "https://api.github.com/repos/jorgerojas26/lazysql/releases/assets/435525871"

[tools."github:jorgerojas26/lazysql"."platforms.macos-x64"]
checksum = "sha256:5582643cf40feb16b0e3627c043b20db63badc14639f05e234d1dc0032c0cb1a"
url = "https://github.com/jorgerojas26/lazysql/releases/download/v0.5.3/lazysql_Darwin_x86_64.tar.gz"
url_api = "https://api.github.com/repos/jorgerojas26/lazysql/releases/assets/435525850"

[tools."github:jorgerojas26/lazysql"."platforms.windows-x64"]
checksum = "sha256:cb4efd8a3b4bab03a1ffad729de182da92ae689436b75b113723b6f2efb8355c"
url = "https://github.com/jorgerojas26/lazysql/releases/download/v0.5.3/lazysql_Windows_x86_64.zip"
url_api = "https://api.github.com/repos/jorgerojas26/lazysql/releases/assets/435525868"

[[tools.helix]]
version = "25.07.1"
backend = "aqua:helix-editor/helix"

[tools.helix."platforms.linux-arm64"]
checksum = "sha256:ce23fa8d395e633e3e54c052012f11965d91d8d5c2bfa659685f50430b4f8175"
url = "https://github.com/helix-editor/helix/releases/download/25.07.1/helix-25.07.1-aarch64-linux.tar.xz"

[tools.helix."platforms.linux-arm64-musl"]
checksum = "sha256:ce23fa8d395e633e3e54c052012f11965d91d8d5c2bfa659685f50430b4f8175"
url = "https://github.com/helix-editor/helix/releases/download/25.07.1/helix-25.07.1-aarch64-linux.tar.xz"

[tools.helix."platforms.linux-x64"]
checksum = "sha256:3f08e63ecd388fff657ad39722f88bb03dcf326f1f2da2700d99e1dc40ab2e8b"
url = "https://github.com/helix-editor/helix/releases/download/25.07.1/helix-25.07.1-x86_64-linux.tar.xz"

[tools.helix."platforms.linux-x64-musl"]
checksum = "sha256:3f08e63ecd388fff657ad39722f88bb03dcf326f1f2da2700d99e1dc40ab2e8b"
url = "https://github.com/helix-editor/helix/releases/download/25.07.1/helix-25.07.1-x86_64-linux.tar.xz"

[tools.helix."platforms.macos-arm64"]
checksum = "sha256:00b1651b4fdbbe0a2ae981c8e76b858bd26a7c33f5b3583f3b6bb9137d54f1ff"
url = "https://github.com/helix-editor/helix/releases/download/25.07.1/helix-25.07.1-aarch64-macos.tar.xz"

[tools.helix."platforms.macos-x64"]
checksum = "sha256:84dc32d617d28d32f4aa21e3aafac47bd715d1154aeb977697d4d60b887b7103"
url = "https://github.com/helix-editor/helix/releases/download/25.07.1/helix-25.07.1-x86_64-macos.tar.xz"

[tools.helix."platforms.windows-x64"]
checksum = "sha256:5c8325ced8bacd8418d62706f669e96d9c3578a9237526e34d546900cbc049b6"
url = "https://github.com/helix-editor/helix/releases/download/25.07.1/helix-25.07.1-x86_64-windows.zip"

[[tools.inspect]]
version = "HEAD"
backend = "cargo:https://github.com/Ataraxy-Labs/inspect"

[tools.inspect.options]
crate = "inspect-cli"

[[tools.inspect-mcp]]
version = "HEAD"
backend = "cargo:https://github.com/Ataraxy-Labs/inspect"

[tools.inspect-mcp.options]
crate = "inspect-mcp"

[[tools.just]]
version = "1.51.0"
backend = "aqua:casey/just"

[tools.just."platforms.linux-arm64"]
checksum = "sha256:ed7ec466b77709198fd4afed253dba0270203ba5eb1c006bee2b0139090284f5"
url = "https://github.com/casey/just/releases/download/1.51.0/just-1.51.0-aarch64-unknown-linux-musl.tar.gz"

[tools.just."platforms.linux-arm64-musl"]
checksum = "sha256:ed7ec466b77709198fd4afed253dba0270203ba5eb1c006bee2b0139090284f5"
url = "https://github.com/casey/just/releases/download/1.51.0/just-1.51.0-aarch64-unknown-linux-musl.tar.gz"

[tools.just."platforms.linux-x64"]
checksum = "sha256:c8f085ca3e885723c341d06243fc291b5abfdc8bbe3b2c076b117de490387b59"
url = "https://github.com/casey/just/releases/download/1.51.0/just-1.51.0-x86_64-unknown-linux-musl.tar.gz"

[tools.just."platforms.linux-x64-musl"]
checksum = "sha256:c8f085ca3e885723c341d06243fc291b5abfdc8bbe3b2c076b117de490387b59"
url = "https://github.com/casey/just/releases/download/1.51.0/just-1.51.0-x86_64-unknown-linux-musl.tar.gz"

[tools.just."platforms.macos-arm64"]
checksum = "sha256:61e3f1b8a545ff064b091eab4b6e14f8cc743ff15549be293b1e92f5b1467002"
url = "https://github.com/casey/just/releases/download/1.51.0/just-1.51.0-aarch64-apple-darwin.tar.gz"

[tools.just."platforms.macos-x64"]
checksum = "sha256:d583e45f1f9fcdd26069ad2fe3bb9dea414756d8d0752eb9093974cb5c0246f0"
url = "https://github.com/casey/just/releases/download/1.51.0/just-1.51.0-x86_64-apple-darwin.tar.gz"

[tools.just."platforms.windows-x64"]
checksum = "sha256:09d1138b6845e73f04bff5e26be3f57663bddca25e36fe6241d28a5aa310b64e"
url = "https://github.com/casey/just/releases/download/1.51.0/just-1.51.0-x86_64-pc-windows-msvc.zip"

[[tools.lazydocker]]
version = "0.25.2"
backend = "aqua:jesseduffield/lazydocker"

[tools.lazydocker."platforms.linux-arm64"]
checksum = "sha256:005c38b685aaa557e7d646d83a3dadb5024340eeed8c6a2e1949eee6f530de23"
url = "https://github.com/jesseduffield/lazydocker/releases/download/v0.25.2/lazydocker_0.25.2_Linux_arm64.tar.gz"

[tools.lazydocker."platforms.linux-arm64-musl"]
checksum = "sha256:005c38b685aaa557e7d646d83a3dadb5024340eeed8c6a2e1949eee6f530de23"
url = "https://github.com/jesseduffield/lazydocker/releases/download/v0.25.2/lazydocker_0.25.2_Linux_arm64.tar.gz"

[tools.lazydocker."platforms.linux-x64"]
checksum = "sha256:0d9dbfc26068b218e7ed84b104748cadc6e3cf733c0afd35465306fb39b9523c"
url = "https://github.com/jesseduffield/lazydocker/releases/download/v0.25.2/lazydocker_0.25.2_Linux_x86_64.tar.gz"

[tools.lazydocker."platforms.linux-x64-musl"]
checksum = "sha256:0d9dbfc26068b218e7ed84b104748cadc6e3cf733c0afd35465306fb39b9523c"
url = "https://github.com/jesseduffield/lazydocker/releases/download/v0.25.2/lazydocker_0.25.2_Linux_x86_64.tar.gz"

[tools.lazydocker."platforms.macos-arm64"]
checksum = "sha256:4a54d7b4abdf255b2bce9806641eac5568d5b7fbc820c1b5d3f9e34ea1367d60"
url = "https://github.com/jesseduffield/lazydocker/releases/download/v0.25.2/lazydocker_0.25.2_Darwin_arm64.tar.gz"

[tools.lazydocker."platforms.macos-x64"]
checksum = "sha256:af70b6e234089aa24924db25fc201d17f224e76d334e743e4595d30cf83a013b"
url = "https://github.com/jesseduffield/lazydocker/releases/download/v0.25.2/lazydocker_0.25.2_Darwin_x86_64.tar.gz"

[tools.lazydocker."platforms.windows-x64"]
checksum = "sha256:facae8869c1bf144468191c563002162273a2c2761f052659170530cae3fa8a9"
url = "https://github.com/jesseduffield/lazydocker/releases/download/v0.25.2/lazydocker_0.25.2_Windows_x86_64.zip"

[[tools.lazygit]]
version = "0.62.2"
backend = "aqua:jesseduffield/lazygit"

[tools.lazygit."platforms.linux-arm64"]
checksum = "sha256:9ab63dd75a7e9711c4c68a37d77f4334b8099a5d6a3f8fbe8f4e2768b159c9e9"
url = "https://github.com/jesseduffield/lazygit/releases/download/v0.62.2/lazygit_0.62.2_linux_arm64.tar.gz"

[tools.lazygit."platforms.linux-arm64-musl"]
checksum = "sha256:9ab63dd75a7e9711c4c68a37d77f4334b8099a5d6a3f8fbe8f4e2768b159c9e9"
url = "https://github.com/jesseduffield/lazygit/releases/download/v0.62.2/lazygit_0.62.2_linux_arm64.tar.gz"

[tools.lazygit."platforms.linux-x64"]
checksum = "sha256:8b9a4c2d0969cbea92b45c956dd2a44e1ba76900c9df49f1c60984045ce77984"
url = "https://github.com/jesseduffield/lazygit/releases/download/v0.62.2/lazygit_0.62.2_linux_x86_64.tar.gz"

[tools.lazygit."platforms.linux-x64-musl"]
checksum = "sha256:8b9a4c2d0969cbea92b45c956dd2a44e1ba76900c9df49f1c60984045ce77984"
url = "https://github.com/jesseduffield/lazygit/releases/download/v0.62.2/lazygit_0.62.2_linux_x86_64.tar.gz"

[tools.lazygit."platforms.macos-arm64"]
checksum = "sha256:f311d96b666b4865760e39f3967edfd7bf30b5d09e52a1bc7ae511f6bdfdd02c"
url = "https://github.com/jesseduffield/lazygit/releases/download/v0.62.2/lazygit_0.62.2_darwin_arm64.tar.gz"

[tools.lazygit."platforms.macos-x64"]
checksum = "sha256:21c276a94f8ddb55d8336df60d69a5b7509e7434024445b4d51d2a11bd6c76b6"
url = "https://github.com/jesseduffield/lazygit/releases/download/v0.62.2/lazygit_0.62.2_darwin_x86_64.tar.gz"

[tools.lazygit."platforms.windows-x64"]
checksum = "sha256:805bfcb2445273b77a32b7758dfb5d2d8dbd7b80b7336ab868935584a2fad0ba"
url = "https://github.com/jesseduffield/lazygit/releases/download/v0.62.2/lazygit_0.62.2_windows_x86_64.zip"

[[tools.mkcert]]
version = "1.4.4"
backend = "aqua:FiloSottile/mkcert"

[tools.mkcert."platforms.linux-arm64"]
url = "https://github.com/FiloSottile/mkcert/releases/download/v1.4.4/mkcert-v1.4.4-linux-arm64"

[tools.mkcert."platforms.linux-arm64-musl"]
url = "https://github.com/FiloSottile/mkcert/releases/download/v1.4.4/mkcert-v1.4.4-linux-arm64"

[tools.mkcert."platforms.linux-x64"]
url = "https://github.com/FiloSottile/mkcert/releases/download/v1.4.4/mkcert-v1.4.4-linux-amd64"

[tools.mkcert."platforms.linux-x64-musl"]
url = "https://github.com/FiloSottile/mkcert/releases/download/v1.4.4/mkcert-v1.4.4-linux-amd64"

[tools.mkcert."platforms.macos-arm64"]
url = "https://github.com/FiloSottile/mkcert/releases/download/v1.4.4/mkcert-v1.4.4-darwin-arm64"

[tools.mkcert."platforms.macos-x64"]
url = "https://github.com/FiloSottile/mkcert/releases/download/v1.4.4/mkcert-v1.4.4-darwin-amd64"

[tools.mkcert."platforms.windows-x64"]
url = "https://github.com/FiloSottile/mkcert/releases/download/v1.4.4/mkcert-v1.4.4-windows-amd64.exe"

[[tools.node]]
version = "26.3.0"
backend = "core:node"

[tools.node."platforms.linux-arm64"]
checksum = "sha256:b2e01f65905c24cb5dd19c4cfbfefe0118e0504c170cc18beac343a2abbb59bd"
url = "https://nodejs.org/dist/v26.3.0/node-v26.3.0-linux-arm64.tar.gz"

[tools.node."platforms.linux-arm64-musl"]
checksum = "sha256:2487ff4f03dbd8998a3778886d50c1ee5f13a3b9cefbfa3aed02c32dbf1e1fb8"
url = "https://unofficial-builds.nodejs.org/download/release/v26.3.0/node-v26.3.0-linux-arm64-musl.tar.gz"

[tools.node."platforms.linux-x64"]
checksum = "sha256:a6e65cc653e40c1653b77742f9185dbce3ff1f99fa2746d211bddb53530ef206"
url = "https://nodejs.org/dist/v26.3.0/node-v26.3.0-linux-x64.tar.gz"

[tools.node."platforms.linux-x64-musl"]
checksum = "sha256:6ad2e7c0cf693fecc2febb1abf753940244f3baaa04626361ed52d64843ffc67"
url = "https://unofficial-builds.nodejs.org/download/release/v26.3.0/node-v26.3.0-linux-x64-musl.tar.gz"

[tools.node."platforms.macos-arm64"]
checksum = "sha256:77ef7f7a15aa757c2ca19d63cf41c8d9eb3b18590ebc6883871310787d8c6b6c"
url = "https://nodejs.org/dist/v26.3.0/node-v26.3.0-darwin-arm64.tar.gz"

[tools.node."platforms.macos-x64"]
checksum = "sha256:7453bd54a17bdc656e2e784d702f6eeb224fb517965e6f8c5a31a88c83d3804c"
url = "https://nodejs.org/dist/v26.3.0/node-v26.3.0-darwin-x64.tar.gz"

[tools.node."platforms.windows-x64"]
checksum = "sha256:ec6d0f6b056c89498a9b26c4d5c77a31fd0b7fe45ba8a45fa87d26f66c3ebce4"
url = "https://nodejs.org/dist/v26.3.0/node-v26.3.0-win-x64.zip"

[[tools."npm:@colbymchenry/codegraph"]]
version = "0.9.9"
backend = "npm:@colbymchenry/codegraph"

[[tools."npm:@github/copilot"]]
version = "1.0.59"
backend = "npm:@github/copilot"

[[tools.opencode]]
version = "1.16.0"
backend = "aqua:anomalyco/opencode"

[tools.opencode."platforms.linux-arm64"]
checksum = "sha256:06ef602b9bc8a624fdc8e927673e7daa4cb70f1e57c5584023ca93631c4a476e"
url = "https://github.com/anomalyco/opencode/releases/download/v1.16.0/opencode-linux-arm64.tar.gz"

[tools.opencode."platforms.linux-arm64-musl"]
checksum = "sha256:f65b57831ac1cf774df35edd2f313b0cd6c7c19256992118ecd0c86677d08353"
url = "https://github.com/anomalyco/opencode/releases/download/v1.16.0/opencode-linux-arm64-musl.tar.gz"

[tools.opencode."platforms.linux-x64"]
checksum = "sha256:a741c43e737b2033f5e7ee151b162341e441034d6a64b172272a3f3a3729e87d"
url = "https://github.com/anomalyco/opencode/releases/download/v1.16.0/opencode-linux-x64.tar.gz"

[tools.opencode."platforms.linux-x64-musl"]
checksum = "sha256:30bc5b2bfbc7c7844e1ea47aa36c532eac5f4dab1efb988d18e406cd72a3c11e"
url = "https://github.com/anomalyco/opencode/releases/download/v1.16.0/opencode-linux-x64-musl.tar.gz"

[tools.opencode."platforms.macos-arm64"]
checksum = "sha256:37bc6bc9b54de7dfcaef40f19df822276ddf142af38a3a73225eecb5767e9f26"
url = "https://github.com/anomalyco/opencode/releases/download/v1.16.0/opencode-darwin-arm64.zip"

[tools.opencode."platforms.macos-x64"]
checksum = "sha256:ff53599645bad14104e083e44b6dd48345c445ac06be2e79a8fc0acd814feea9"
url = "https://github.com/anomalyco/opencode/releases/download/v1.16.0/opencode-darwin-x64.zip"

[tools.opencode."platforms.windows-x64"]
checksum = "sha256:400b1f2f450cd6c60bed0903e9a7a128e23b305282d618d14ff4a10d969a707b"
url = "https://github.com/anomalyco/opencode/releases/download/v1.16.0/opencode-windows-x64.zip"

[[tools.pandoc]]
version = "3.10"
backend = "github:jgm/pandoc"

[tools.pandoc."platforms.linux-arm64"]
checksum = "sha256:55413dfb0c1aec861641fe858f1f73e84848f3db497b1c0c02e62887ea76f4a4"
url = "https://github.com/jgm/pandoc/releases/download/3.10/pandoc-3.10-linux-arm64.tar.gz"
url_api = "https://api.github.com/repos/jgm/pandoc/releases/assets/438408619"
provenance = "github-attestations"

[tools.pandoc."platforms.linux-arm64-musl"]
checksum = "sha256:55413dfb0c1aec861641fe858f1f73e84848f3db497b1c0c02e62887ea76f4a4"
url = "https://github.com/jgm/pandoc/releases/download/3.10/pandoc-3.10-linux-arm64.tar.gz"
url_api = "https://api.github.com/repos/jgm/pandoc/releases/assets/438408619"
provenance = "github-attestations"

[tools.pandoc."platforms.linux-x64"]
checksum = "sha256:e0f8af62d0f267d22baa5bcefe6d5dda3a097ccc60de794b759fe03159923244"
url = "https://github.com/jgm/pandoc/releases/download/3.10/pandoc-3.10-linux-amd64.tar.gz"
url_api = "https://api.github.com/repos/jgm/pandoc/releases/assets/438406829"
provenance = "github-attestations"

[tools.pandoc."platforms.linux-x64-musl"]
checksum = "sha256:e0f8af62d0f267d22baa5bcefe6d5dda3a097ccc60de794b759fe03159923244"
url = "https://github.com/jgm/pandoc/releases/download/3.10/pandoc-3.10-linux-amd64.tar.gz"
url_api = "https://api.github.com/repos/jgm/pandoc/releases/assets/438406829"
provenance = "github-attestations"

[tools.pandoc."platforms.macos-arm64"]
checksum = "sha256:d9cad01d96ae774a0dc8c8c45bb1ad3e4c5ff2cc2e24f45958f5f9b7974aee34"
url = "https://github.com/jgm/pandoc/releases/download/3.10/pandoc-3.10-arm64-macOS.zip"
url_api = "https://api.github.com/repos/jgm/pandoc/releases/assets/438404702"
provenance = "github-attestations"

[tools.pandoc."platforms.macos-x64"]
checksum = "sha256:6334f4d9af7c9e37e761dfad56fa5507685f6d29724ebf31c4be6d5c654a3161"
url = "https://github.com/jgm/pandoc/releases/download/3.10/pandoc-3.10-x86_64-macOS.zip"
url_api = "https://api.github.com/repos/jgm/pandoc/releases/assets/438436357"
provenance = "github-attestations"

[tools.pandoc."platforms.windows-x64"]
checksum = "sha256:bb808d00fd58762299d64582a9b4c3e4b106cd929e62c5f19bcdcb496f1e54ae"
url = "https://github.com/jgm/pandoc/releases/download/3.10/pandoc-3.10-windows-x86_64.zip"
url_api = "https://api.github.com/repos/jgm/pandoc/releases/assets/438414170"
provenance = "github-attestations"

[[tools.ripgrep]]
version = "15.1.0"
backend = "aqua:BurntSushi/ripgrep"

[tools.ripgrep."platforms.linux-arm64"]
checksum = "sha256:2b661c6ef508e902f388e9098d9c4c5aca72c87b55922d94abdba830b4dc885e"
url = "https://github.com/BurntSushi/ripgrep/releases/download/15.1.0/ripgrep-15.1.0-aarch64-unknown-linux-gnu.tar.gz"

[tools.ripgrep."platforms.linux-x64"]
checksum = "sha256:1c9297be4a084eea7ecaedf93eb03d058d6faae29bbc57ecdaf5063921491599"
url = "https://github.com/BurntSushi/ripgrep/releases/download/15.1.0/ripgrep-15.1.0-x86_64-unknown-linux-musl.tar.gz"

[tools.ripgrep."platforms.linux-x64-musl"]
checksum = "sha256:1c9297be4a084eea7ecaedf93eb03d058d6faae29bbc57ecdaf5063921491599"
url = "https://github.com/BurntSushi/ripgrep/releases/download/15.1.0/ripgrep-15.1.0-x86_64-unknown-linux-musl.tar.gz"

[tools.ripgrep."platforms.macos-arm64"]
checksum = "sha256:378e973289176ca0c6054054ee7f631a065874a352bf43f0fa60ef079b6ba715"
url = "https://github.com/BurntSushi/ripgrep/releases/download/15.1.0/ripgrep-15.1.0-aarch64-apple-darwin.tar.gz"

[tools.ripgrep."platforms.macos-x64"]
checksum = "sha256:64811cb24e77cac3057d6c40b63ac9becf9082eedd54ca411b475b755d334882"
url = "https://github.com/BurntSushi/ripgrep/releases/download/15.1.0/ripgrep-15.1.0-x86_64-apple-darwin.tar.gz"

[tools.ripgrep."platforms.windows-x64"]
checksum = "sha256:124510b94b6baa3380d051fdf4650eaa80a302c876d611e9dba0b2e18d87493a"
url = "https://github.com/BurntSushi/ripgrep/releases/download/15.1.0/ripgrep-15.1.0-x86_64-pc-windows-msvc.zip"

[[tools.rtk]]
version = "0.42.1"
backend = "aqua:rtk-ai/rtk"

[tools.rtk."platforms.linux-arm64"]
checksum = "sha256:32f4d78766e2f5b43756efce3c699dc4da8beef5296deb02fa7756f3257eb25c"
url = "https://github.com/rtk-ai/rtk/releases/download/v0.42.1/rtk-aarch64-unknown-linux-gnu.tar.gz"

[tools.rtk."platforms.linux-x64"]
checksum = "sha256:a37ca300a42510a964453f2bc2e217769ef0872780af802db8a7d698f1da2465"
url = "https://github.com/rtk-ai/rtk/releases/download/v0.42.1/rtk-x86_64-unknown-linux-musl.tar.gz"

[tools.rtk."platforms.linux-x64-musl"]
checksum = "sha256:a37ca300a42510a964453f2bc2e217769ef0872780af802db8a7d698f1da2465"
url = "https://github.com/rtk-ai/rtk/releases/download/v0.42.1/rtk-x86_64-unknown-linux-musl.tar.gz"

[tools.rtk."platforms.macos-arm64"]
checksum = "sha256:401d72a80c0efc597ae9469f053ce51c70334ea427527464ab76f8e298da2447"
url = "https://github.com/rtk-ai/rtk/releases/download/v0.42.1/rtk-aarch64-apple-darwin.tar.gz"

[tools.rtk."platforms.macos-x64"]
checksum = "sha256:6165d80f40db0f46f8af2ea15d0132e957e2717aa74507906c7ce5b3c20c655e"
url = "https://github.com/rtk-ai/rtk/releases/download/v0.42.1/rtk-x86_64-apple-darwin.tar.gz"

[tools.rtk."platforms.windows-x64"]
checksum = "sha256:5f292b031595405671b41e29aa5016931e8598949c25d9751f0eebd2eccefe0b"
url = "https://github.com/rtk-ai/rtk/releases/download/v0.42.1/rtk-x86_64-pc-windows-msvc.zip"

[[tools.ruby]]
version = "4.0.5"
backend = "core:ruby"

[tools.ruby.options]
compile = "true"
ruby_build_repo = "https://github.com/rbenv/ruby-build.git"
ruby_install = "false"

[tools.ruby."platforms.linux-arm64"]
checksum = "sha256:7d6149079a63f8ae1d326c9fa65c6019ba2dc3155eae7b39159817911c88958e"
url = "https://cache.ruby-lang.org/pub/ruby/4.0/ruby-4.0.5.tar.gz"

[tools.ruby."platforms.linux-arm64-musl"]
checksum = "sha256:7d6149079a63f8ae1d326c9fa65c6019ba2dc3155eae7b39159817911c88958e"
url = "https://cache.ruby-lang.org/pub/ruby/4.0/ruby-4.0.5.tar.gz"

[tools.ruby."platforms.linux-x64"]
checksum = "sha256:7d6149079a63f8ae1d326c9fa65c6019ba2dc3155eae7b39159817911c88958e"
url = "https://cache.ruby-lang.org/pub/ruby/4.0/ruby-4.0.5.tar.gz"

[tools.ruby."platforms.linux-x64-musl"]
checksum = "sha256:7d6149079a63f8ae1d326c9fa65c6019ba2dc3155eae7b39159817911c88958e"
url = "https://cache.ruby-lang.org/pub/ruby/4.0/ruby-4.0.5.tar.gz"

[tools.ruby."platforms.macos-arm64"]
checksum = "sha256:7d6149079a63f8ae1d326c9fa65c6019ba2dc3155eae7b39159817911c88958e"
url = "https://cache.ruby-lang.org/pub/ruby/4.0/ruby-4.0.5.tar.gz"

[tools.ruby."platforms.macos-x64"]
checksum = "sha256:7d6149079a63f8ae1d326c9fa65c6019ba2dc3155eae7b39159817911c88958e"
url = "https://cache.ruby-lang.org/pub/ruby/4.0/ruby-4.0.5.tar.gz"

[[tools.rust]]
version = "1.96.0"
backend = "core:rust"

[[tools.starship]]
version = "1.25.1"
backend = "aqua:starship/starship"

[tools.starship."platforms.linux-arm64"]
checksum = "sha256:01517aab398959ea9ea73bdb4f032ea4dbb51dff5c8e5eb05b4a1b9b7ab872b8"
url = "https://github.com/starship/starship/releases/download/v1.25.1/starship-aarch64-unknown-linux-musl.tar.gz"

[tools.starship."platforms.linux-arm64-musl"]
checksum = "sha256:01517aab398959ea9ea73bdb4f032ea4dbb51dff5c8e5eb05b4a1b9b7ab872b8"
url = "https://github.com/starship/starship/releases/download/v1.25.1/starship-aarch64-unknown-linux-musl.tar.gz"

[tools.starship."platforms.linux-x64"]
checksum = "sha256:c6ddd3ecb9c0071a2ad38d98cee748160066b7c4f197421268058f4a5d6f8504"
url = "https://github.com/starship/starship/releases/download/v1.25.1/starship-x86_64-unknown-linux-musl.tar.gz"

[tools.starship."platforms.linux-x64-musl"]
checksum = "sha256:c6ddd3ecb9c0071a2ad38d98cee748160066b7c4f197421268058f4a5d6f8504"
url = "https://github.com/starship/starship/releases/download/v1.25.1/starship-x86_64-unknown-linux-musl.tar.gz"

[tools.starship."platforms.macos-arm64"]
checksum = "sha256:1062a2363489b9335529b83204472f02633c08fc3609f1b325be5eba36feb631"
url = "https://github.com/starship/starship/releases/download/v1.25.1/starship-aarch64-apple-darwin.tar.gz"

[tools.starship."platforms.macos-x64"]
checksum = "sha256:f86fbe7a3b9f262bcf34ca61e9e996243da511c5500dcd81a1e4daa542869276"
url = "https://github.com/starship/starship/releases/download/v1.25.1/starship-x86_64-apple-darwin.tar.gz"

[tools.starship."platforms.windows-x64"]
checksum = "sha256:a07cf3e428afab09324e510fb786041ebcc491a68b1ca6fba044c5a461f9b017"
url = "https://github.com/starship/starship/releases/download/v1.25.1/starship-x86_64-pc-windows-msvc.zip"

[[tools.tlrc]]
version = "1.13.1"
backend = "aqua:tldr-pages/tlrc"

[tools.tlrc."platforms.linux-x64"]
checksum = "sha256:e63b80e180b956ae2114c39d7fb10e607ffaa46b6d8c370d90868389a228584d"
url = "https://github.com/tldr-pages/tlrc/releases/download/v1.13.1/tlrc-v1.13.1-x86_64-unknown-linux-musl.tar.gz"
provenance = "github-attestations"

[tools.tlrc."platforms.linux-x64-musl"]
checksum = "sha256:e63b80e180b956ae2114c39d7fb10e607ffaa46b6d8c370d90868389a228584d"
url = "https://github.com/tldr-pages/tlrc/releases/download/v1.13.1/tlrc-v1.13.1-x86_64-unknown-linux-musl.tar.gz"
provenance = "github-attestations"

[tools.tlrc."platforms.macos-arm64"]
checksum = "sha256:2db4a3c772ae30243cd6bb4231cc43eff005d311618666af91e49662310b8e8b"
url = "https://github.com/tldr-pages/tlrc/releases/download/v1.13.1/tlrc-v1.13.1-x86_64-apple-darwin.tar.gz"
provenance = "github-attestations"

[tools.tlrc."platforms.macos-x64"]
checksum = "sha256:2db4a3c772ae30243cd6bb4231cc43eff005d311618666af91e49662310b8e8b"
url = "https://github.com/tldr-pages/tlrc/releases/download/v1.13.1/tlrc-v1.13.1-x86_64-apple-darwin.tar.gz"
provenance = "github-attestations"

[tools.tlrc."platforms.windows-x64"]
checksum = "sha256:8b85477c935365008214be7a5fd319c56855175ff0c4e8cc2d01fa94accdd210"
url = "https://github.com/tldr-pages/tlrc/releases/download/v1.13.1/tlrc-v1.13.1-x86_64-pc-windows-msvc.zip"
provenance = "github-attestations"

[[tools.yq]]
version = "4.53.2"
backend = "aqua:mikefarah/yq"

[tools.yq."platforms.linux-arm64"]
checksum = "sha256:03061b2a50c7a498de2bbb92d7cb078ce433011f085a4994117c2726be4106ea"
url = "https://github.com/mikefarah/yq/releases/download/v4.53.2/yq_linux_arm64"

[tools.yq."platforms.linux-arm64-musl"]
checksum = "sha256:03061b2a50c7a498de2bbb92d7cb078ce433011f085a4994117c2726be4106ea"
url = "https://github.com/mikefarah/yq/releases/download/v4.53.2/yq_linux_arm64"

[tools.yq."platforms.linux-x64"]
checksum = "sha256:d56bf5c6819e8e696340c312bd70f849dc1678a7cda9c2ad63eebd906371d56b"
url = "https://github.com/mikefarah/yq/releases/download/v4.53.2/yq_linux_amd64"

[tools.yq."platforms.linux-x64-musl"]
checksum = "sha256:d56bf5c6819e8e696340c312bd70f849dc1678a7cda9c2ad63eebd906371d56b"
url = "https://github.com/mikefarah/yq/releases/download/v4.53.2/yq_linux_amd64"

[tools.yq."platforms.macos-arm64"]
checksum = "sha256:541ba2287560df70f561955e2d7f7e1cd00cf2a15a884f6b5c87a4bfa887bc07"
url = "https://github.com/mikefarah/yq/releases/download/v4.53.2/yq_darwin_arm64"

[tools.yq."platforms.macos-x64"]
checksum = "sha256:616b0a0f6a5b79d746f05a169c2b9bb40dee00c605ef165b9a1c1681bba738ac"
url = "https://github.com/mikefarah/yq/releases/download/v4.53.2/yq_darwin_amd64"

[tools.yq."platforms.windows-x64"]
checksum = "sha256:2aee32f1de46a20672f48c25df3018839798bd509143f2ce05fdab1550ff5592"
url = "https://github.com/mikefarah/yq/releases/download/v4.53.2/yq_windows_amd64.exe"
