# @generated - this file is auto-generated by `mise lock` https://mise.en.dev/dev-tools/mise-lock.html

[[tools."cargo:https://github.com/Ataraxy-Labs/inspect"]]
version = "HEAD"
backend = "cargo:https://github.com/Ataraxy-Labs/inspect"

[tools."cargo:https://github.com/Ataraxy-Labs/inspect".options]
crate = "inspect-mcp"

[[tools."cargo:https://github.com/Ataraxy-Labs/sem"]]
version = "HEAD"
backend = "cargo:https://github.com/Ataraxy-Labs/sem"

[tools."cargo:https://github.com/Ataraxy-Labs/sem".options]
crate = "sem-cli"

[[tools."cargo:sqruff"]]
version = "0.38.0"
backend = "cargo:sqruff"

[[tools.claude]]
version = "2.1.185"
backend = "aqua:anthropics/claude-code"

[tools.claude."platforms.linux-arm64"]
url = "https://storage.googleapis.com/claude-code-dist-86c565f3-f756-42ad-8dfa-d59b1c096819/claude-code-releases/2.1.185/linux-arm64/claude"

[tools.claude."platforms.linux-arm64-musl"]
url = "https://storage.googleapis.com/claude-code-dist-86c565f3-f756-42ad-8dfa-d59b1c096819/claude-code-releases/2.1.185/linux-arm64-musl/claude"

[tools.claude."platforms.linux-x64"]
url = "https://storage.googleapis.com/claude-code-dist-86c565f3-f756-42ad-8dfa-d59b1c096819/claude-code-releases/2.1.185/linux-x64/claude"

[tools.claude."platforms.linux-x64-musl"]
url = "https://storage.googleapis.com/claude-code-dist-86c565f3-f756-42ad-8dfa-d59b1c096819/claude-code-releases/2.1.185/linux-x64-musl/claude"

[tools.claude."platforms.macos-arm64"]
checksum = "blake3:129c66a7c560227b95e18ab068054621d0aba8248206b6b03817e60dd7daaa15"
url = "https://storage.googleapis.com/claude-code-dist-86c565f3-f756-42ad-8dfa-d59b1c096819/claude-code-releases/2.1.185/darwin-arm64/claude"

[tools.claude."platforms.macos-x64"]
url = "https://storage.googleapis.com/claude-code-dist-86c565f3-f756-42ad-8dfa-d59b1c096819/claude-code-releases/2.1.185/darwin-x64/claude"

[[tools.codex]]
version = "0.141.0"
backend = "aqua:openai/codex"

[tools.codex."platforms.linux-arm64"]
checksum = "sha256:13a4b806da5d2a1b4ba636ba082149e9e878ecc141cb582f2dee8321dae50789"
url = "https://github.com/openai/codex/releases/download/rust-v0.141.0/codex-aarch64-unknown-linux-musl.zst"

[tools.codex."platforms.linux-arm64-musl"]
checksum = "sha256:13a4b806da5d2a1b4ba636ba082149e9e878ecc141cb582f2dee8321dae50789"
url = "https://github.com/openai/codex/releases/download/rust-v0.141.0/codex-aarch64-unknown-linux-musl.zst"

[tools.codex."platforms.linux-x64"]
checksum = "sha256:be64df1b99f9ea8eacc3b09e53fb98e0bcb939e479c7fcbf2862929ea47b0c53"
url = "https://github.com/openai/codex/releases/download/rust-v0.141.0/codex-x86_64-unknown-linux-musl.zst"

[tools.codex."platforms.linux-x64-musl"]
checksum = "sha256:be64df1b99f9ea8eacc3b09e53fb98e0bcb939e479c7fcbf2862929ea47b0c53"
url = "https://github.com/openai/codex/releases/download/rust-v0.141.0/codex-x86_64-unknown-linux-musl.zst"

[tools.codex."platforms.macos-arm64"]
checksum = "sha256:2ede2523d50fcaf7fe716b19871e1c96c271f7e8051ebc6e51d93c7be02fa03b"
url = "https://github.com/openai/codex/releases/download/rust-v0.141.0/codex-aarch64-apple-darwin.zst"

[tools.codex."platforms.macos-x64"]
checksum = "sha256:5e5b4988c7d541e59c4091f78d5ffd14b6e176936d3fb8e666093720ff43b813"
url = "https://github.com/openai/codex/releases/download/rust-v0.141.0/codex-x86_64-apple-darwin.zst"

[tools.codex."platforms.windows-x64"]
checksum = "sha256:f78f7038f9f6426f642834aa2f32d2e950863b02b627cdfe6161168b49a9554e"
url = "https://github.com/openai/codex/releases/download/rust-v0.141.0/codex-x86_64-pc-windows-msvc.exe.zst"

[[tools.crane]]
version = "0.21.7"
backend = "aqua:google/go-containerregistry"

[tools.crane."platforms.linux-arm64"]
checksum = "sha256:b6ee979d9411dfb05ce35ab9e156fe5de7def11a230764a7856ffa2eb971fa88"
url = "https://github.com/google/go-containerregistry/releases/download/v0.21.7/go-containerregistry_Linux_arm64.tar.gz"

[tools.crane."platforms.linux-arm64-musl"]
checksum = "sha256:b6ee979d9411dfb05ce35ab9e156fe5de7def11a230764a7856ffa2eb971fa88"
url = "https://github.com/google/go-containerregistry/releases/download/v0.21.7/go-containerregistry_Linux_arm64.tar.gz"

[tools.crane."platforms.linux-x64"]
checksum = "sha256:1a57bc98207fa1c0d04bf760699099e26f8383499bfd55b99c1b919a928a7230"
url = "https://github.com/google/go-containerregistry/releases/download/v0.21.7/go-containerregistry_Linux_x86_64.tar.gz"

[tools.crane."platforms.linux-x64-musl"]
checksum = "sha256:1a57bc98207fa1c0d04bf760699099e26f8383499bfd55b99c1b919a928a7230"
url = "https://github.com/google/go-containerregistry/releases/download/v0.21.7/go-containerregistry_Linux_x86_64.tar.gz"

[tools.crane."platforms.macos-arm64"]
checksum = "sha256:1858c55dcd6053fe869bcb0c4ec20666383ddce445ad0f7e15e1e506b1f7fe52"
url = "https://github.com/google/go-containerregistry/releases/download/v0.21.7/go-containerregistry_Darwin_arm64.tar.gz"

[tools.crane."platforms.macos-x64"]
checksum = "sha256:63a7dd15168d4dcac37933c7f6745438f2943d5898a1cf7896ad3341d8519bf2"
url = "https://github.com/google/go-containerregistry/releases/download/v0.21.7/go-containerregistry_Darwin_x86_64.tar.gz"

[tools.crane."platforms.windows-x64"]
checksum = "sha256:88a1693e8d49298f9c44c81fbca55efea8f5ab1be3c760534cfb8d932ca88baa"
url = "https://github.com/google/go-containerregistry/releases/download/v0.21.7/go-containerregistry_Windows_x86_64.tar.gz"

[[tools.difftastic]]
version = "0.69.0"
backend = "aqua:Wilfred/difftastic"

[tools.difftastic."platforms.linux-arm64"]
checksum = "sha256:abd2f42d2afd424312b4862aa7c7bb0320447670ae22fabcc5159db03e2dccbd"
url = "https://github.com/Wilfred/difftastic/releases/download/0.69.0/difft-aarch64-unknown-linux-gnu.tar.gz"

[tools.difftastic."platforms.linux-x64"]
checksum = "sha256:c120a4315b33e89678d52b47ea0097cdb1fb57b4f3910b4d77cbeee5eecc8ced"
url = "https://github.com/Wilfred/difftastic/releases/download/0.69.0/difft-x86_64-unknown-linux-musl.tar.gz"

[tools.difftastic."platforms.linux-x64-musl"]
checksum = "sha256:c120a4315b33e89678d52b47ea0097cdb1fb57b4f3910b4d77cbeee5eecc8ced"
url = "https://github.com/Wilfred/difftastic/releases/download/0.69.0/difft-x86_64-unknown-linux-musl.tar.gz"

[tools.difftastic."platforms.macos-arm64"]
checksum = "sha256:c958b87885a5825a356c5899ac7ecdd752a7942084199f2be4bc0bf8c9de8e33"
url = "https://github.com/Wilfred/difftastic/releases/download/0.69.0/difft-aarch64-apple-darwin.tar.gz"

[tools.difftastic."platforms.macos-x64"]
checksum = "sha256:5f5487e7a6e817194a1cef297d2ffb300454371635a4cde865087dbc064730a2"
url = "https://github.com/Wilfred/difftastic/releases/download/0.69.0/difft-x86_64-apple-darwin.tar.gz"

[tools.difftastic."platforms.windows-x64"]
checksum = "sha256:a5adbf57eb1b923b62d1c3596c4f827df143f5b52cfba48bb9e83f41dea90c02"
url = "https://github.com/Wilfred/difftastic/releases/download/0.69.0/difft-x86_64-pc-windows-msvc.zip"

[[tools.fzf]]
version = "0.73.1"
backend = "aqua:junegunn/fzf"

[tools.fzf."platforms.linux-arm64"]
checksum = "sha256:a408b0b6c08d486307b8f1554f967b8b50ee1b3ea8b4035e3161bab31fdfc28d"
url = "https://github.com/junegunn/fzf/releases/download/v0.73.1/fzf-0.73.1-linux_arm64.tar.gz"

[tools.fzf."platforms.linux-arm64-musl"]
checksum = "sha256:a408b0b6c08d486307b8f1554f967b8b50ee1b3ea8b4035e3161bab31fdfc28d"
url = "https://github.com/junegunn/fzf/releases/download/v0.73.1/fzf-0.73.1-linux_arm64.tar.gz"

[tools.fzf."platforms.linux-x64"]
checksum = "sha256:f3252c2c366bc1700d3c85781ec8c9695998927ac127870eb049ceea2d540f8a"
url = "https://github.com/junegunn/fzf/releases/download/v0.73.1/fzf-0.73.1-linux_amd64.tar.gz"

[tools.fzf."platforms.linux-x64-musl"]
checksum = "sha256:f3252c2c366bc1700d3c85781ec8c9695998927ac127870eb049ceea2d540f8a"
url = "https://github.com/junegunn/fzf/releases/download/v0.73.1/fzf-0.73.1-linux_amd64.tar.gz"

[tools.fzf."platforms.macos-arm64"]
checksum = "sha256:d27fd68c04fb9b42f7c73a3f7d38069a74d308e40174f64a072c747213e97286"
url = "https://github.com/junegunn/fzf/releases/download/v0.73.1/fzf-0.73.1-darwin_arm64.tar.gz"

[tools.fzf."platforms.macos-x64"]
checksum = "sha256:75bbf15248d1cf0a13eafc75b8a55f5075c437e2ba6d76899afc53f4f3e1b38c"
url = "https://github.com/junegunn/fzf/releases/download/v0.73.1/fzf-0.73.1-darwin_amd64.tar.gz"

[tools.fzf."platforms.windows-x64"]
checksum = "sha256:521a974dc32e93404265e55bffaf71a59e05e80abdf8ca4afb21a6030dc76f5f"
url = "https://github.com/junegunn/fzf/releases/download/v0.73.1/fzf-0.73.1-windows_amd64.zip"

[[tools.gh]]
version = "2.95.0"
backend = "aqua:cli/cli"

[tools.gh."platforms.linux-arm64"]
checksum = "sha256:d41e0b3b6218e5741c8bb4db39b16e53a59e0e06299a8489bd38f623ef7ebaae"
url = "https://github.com/cli/cli/releases/download/v2.95.0/gh_2.95.0_linux_arm64.tar.gz"
provenance = "github-attestations"

[tools.gh."platforms.linux-arm64-musl"]
checksum = "sha256:d41e0b3b6218e5741c8bb4db39b16e53a59e0e06299a8489bd38f623ef7ebaae"
url = "https://github.com/cli/cli/releases/download/v2.95.0/gh_2.95.0_linux_arm64.tar.gz"
provenance = "github-attestations"

[tools.gh."platforms.linux-x64"]
checksum = "sha256:25d1e4729e8808c9ed3d613e96ebd3f3e44446f2d368c89d878a71a36ddb3d8c"
url = "https://github.com/cli/cli/releases/download/v2.95.0/gh_2.95.0_linux_amd64.tar.gz"
provenance = "github-attestations"

[tools.gh."platforms.linux-x64-musl"]
checksum = "sha256:25d1e4729e8808c9ed3d613e96ebd3f3e44446f2d368c89d878a71a36ddb3d8c"
url = "https://github.com/cli/cli/releases/download/v2.95.0/gh_2.95.0_linux_amd64.tar.gz"
provenance = "github-attestations"

[tools.gh."platforms.macos-arm64"]
checksum = "sha256:3677f9c27965825f9c7d50395473c134edaea4b484373ef6b25de653570a0489"
url = "https://github.com/cli/cli/releases/download/v2.95.0/gh_2.95.0_macOS_arm64.zip"
provenance = "github-attestations"

[tools.gh."platforms.macos-x64"]
checksum = "sha256:985707e9ac60c95ed51cddd808c338b481abe69fffa77e9d6547c3750045f77e"
url = "https://github.com/cli/cli/releases/download/v2.95.0/gh_2.95.0_macOS_amd64.zip"
provenance = "github-attestations"

[tools.gh."platforms.windows-x64"]
checksum = "sha256:19a7154161ada9cfaa9e57edb752ecc679b75c391a62e4f7b586eea1df30b5bb"
url = "https://github.com/cli/cli/releases/download/v2.95.0/gh_2.95.0_windows_amd64.zip"
provenance = "github-attestations"

[[tools."github:aviator-co/av"]]
version = "0.1.41"
backend = "github:aviator-co/av"

[tools."github:aviator-co/av"."platforms.linux-arm64"]
checksum = "sha256:5c75aeba38cf4de62c8773fec5a7ef4221090725890f98de04049eb94e928654"
url = "https://github.com/aviator-co/av/releases/download/v0.1.41/av_0.1.41_linux_arm64.tar.gz"
url_api = "https://api.github.com/repos/aviator-co/av/releases/assets/451709096"

[tools."github:aviator-co/av"."platforms.linux-arm64-musl"]
checksum = "sha256:5c75aeba38cf4de62c8773fec5a7ef4221090725890f98de04049eb94e928654"
url = "https://github.com/aviator-co/av/releases/download/v0.1.41/av_0.1.41_linux_arm64.tar.gz"
url_api = "https://api.github.com/repos/aviator-co/av/releases/assets/451709096"

[tools."github:aviator-co/av"."platforms.linux-x64"]
checksum = "sha256:056b77184279396f4a4fea83e99afcc88cc79a1ccfe2a824eb1eac80960b5158"
url = "https://github.com/aviator-co/av/releases/download/v0.1.41/av_0.1.41_linux_x86_64.tar.gz"
url_api = "https://api.github.com/repos/aviator-co/av/releases/assets/451709084"

[tools."github:aviator-co/av"."platforms.linux-x64-musl"]
checksum = "sha256:056b77184279396f4a4fea83e99afcc88cc79a1ccfe2a824eb1eac80960b5158"
url = "https://github.com/aviator-co/av/releases/download/v0.1.41/av_0.1.41_linux_x86_64.tar.gz"
url_api = "https://api.github.com/repos/aviator-co/av/releases/assets/451709084"

[tools."github:aviator-co/av"."platforms.macos-arm64"]
checksum = "sha256:500010c56a0a7840f86a2c80ac025877f58c90be445651cd6ab7426e2031c37e"
url = "https://github.com/aviator-co/av/releases/download/v0.1.41/av_0.1.41_darwin_arm64.tar.gz"
url_api = "https://api.github.com/repos/aviator-co/av/releases/assets/451709083"

[tools."github:aviator-co/av"."platforms.macos-x64"]
checksum = "sha256:301a778210243d463a9778d0aaf836198f2b953ef1aa78858c1be6f2d3839f86"
url = "https://github.com/aviator-co/av/releases/download/v0.1.41/av_0.1.41_darwin_x86_64.tar.gz"
url_api = "https://api.github.com/repos/aviator-co/av/releases/assets/451709085"

[tools."github:aviator-co/av"."platforms.windows-x64"]
checksum = "sha256:0ad1df93200093506b791e9d09a8e2f095fc0875e5ef6f1ba9c3accf8e43b007"
url = "https://github.com/aviator-co/av/releases/download/v0.1.41/av_0.1.41_windows_x86_64.tar.gz"
url_api = "https://api.github.com/repos/aviator-co/av/releases/assets/451709082"

[[tools."github:jorgerojas26/lazysql"]]
version = "0.5.4"
backend = "github:jorgerojas26/lazysql"

[tools."github:jorgerojas26/lazysql"."platforms.linux-arm64"]
checksum = "sha256:cbb094d85cc44e6ee609a8c3e16c1bf32df0609a927ac2750b348aa181d57d78"
url = "https://github.com/jorgerojas26/lazysql/releases/download/v0.5.4/lazysql_Linux_arm64.tar.gz"
url_api = "https://api.github.com/repos/jorgerojas26/lazysql/releases/assets/441868853"

[tools."github:jorgerojas26/lazysql"."platforms.linux-arm64-musl"]
checksum = "sha256:cbb094d85cc44e6ee609a8c3e16c1bf32df0609a927ac2750b348aa181d57d78"
url = "https://github.com/jorgerojas26/lazysql/releases/download/v0.5.4/lazysql_Linux_arm64.tar.gz"
url_api = "https://api.github.com/repos/jorgerojas26/lazysql/releases/assets/441868853"

[tools."github:jorgerojas26/lazysql"."platforms.linux-x64"]
checksum = "sha256:0471e340e4038bae2c04bf36744d5d5c9864afa488f3bd28e975397cc64851a4"
url = "https://github.com/jorgerojas26/lazysql/releases/download/v0.5.4/lazysql_Linux_x86_64.tar.gz"
url_api = "https://api.github.com/repos/jorgerojas26/lazysql/releases/assets/441868854"

[tools."github:jorgerojas26/lazysql"."platforms.linux-x64-musl"]
checksum = "sha256:0471e340e4038bae2c04bf36744d5d5c9864afa488f3bd28e975397cc64851a4"
url = "https://github.com/jorgerojas26/lazysql/releases/download/v0.5.4/lazysql_Linux_x86_64.tar.gz"
url_api = "https://api.github.com/repos/jorgerojas26/lazysql/releases/assets/441868854"

[tools."github:jorgerojas26/lazysql"."platforms.macos-arm64"]
checksum = "sha256:11534f010f9699af04e99a915a7730f949a3fc4c0e6ffc3a085d6433f8e648c3"
url = "https://github.com/jorgerojas26/lazysql/releases/download/v0.5.4/lazysql_Darwin_arm64.tar.gz"
url_api = "https://api.github.com/repos/jorgerojas26/lazysql/releases/assets/441868820"

[tools."github:jorgerojas26/lazysql"."platforms.macos-x64"]
checksum = "sha256:6a372c36804c0b861178cb5569197f5a873e74ae370188643cfb5b31f55d5de1"
url = "https://github.com/jorgerojas26/lazysql/releases/download/v0.5.4/lazysql_Darwin_x86_64.tar.gz"
url_api = "https://api.github.com/repos/jorgerojas26/lazysql/releases/assets/441868825"

[tools."github:jorgerojas26/lazysql"."platforms.windows-x64"]
checksum = "sha256:963ef298ef08a34dbc606abb7fa6137145c19155df2ba33189958d437978c8e1"
url = "https://github.com/jorgerojas26/lazysql/releases/download/v0.5.4/lazysql_Windows_x86_64.zip"
url_api = "https://api.github.com/repos/jorgerojas26/lazysql/releases/assets/441868852"

[[tools.helix]]
version = "25.07.1"
backend = "aqua:helix-editor/helix"

[tools.helix."platforms.linux-arm64"]
checksum = "sha256:ce23fa8d395e633e3e54c052012f11965d91d8d5c2bfa659685f50430b4f8175"
url = "https://github.com/helix-editor/helix/releases/download/25.07.1/helix-25.07.1-aarch64-linux.tar.xz"

[tools.helix."platforms.linux-arm64-musl"]
checksum = "sha256:ce23fa8d395e633e3e54c052012f11965d91d8d5c2bfa659685f50430b4f8175"
url = "https://github.com/helix-editor/helix/releases/download/25.07.1/helix-25.07.1-aarch64-linux.tar.xz"

[tools.helix."platforms.linux-x64"]
checksum = "sha256:3f08e63ecd388fff657ad39722f88bb03dcf326f1f2da2700d99e1dc40ab2e8b"
url = "https://github.com/helix-editor/helix/releases/download/25.07.1/helix-25.07.1-x86_64-linux.tar.xz"

[tools.helix."platforms.linux-x64-musl"]
checksum = "sha256:3f08e63ecd388fff657ad39722f88bb03dcf326f1f2da2700d99e1dc40ab2e8b"
url = "https://github.com/helix-editor/helix/releases/download/25.07.1/helix-25.07.1-x86_64-linux.tar.xz"

[tools.helix."platforms.macos-arm64"]
checksum = "sha256:00b1651b4fdbbe0a2ae981c8e76b858bd26a7c33f5b3583f3b6bb9137d54f1ff"
url = "https://github.com/helix-editor/helix/releases/download/25.07.1/helix-25.07.1-aarch64-macos.tar.xz"

[tools.helix."platforms.macos-x64"]
checksum = "sha256:84dc32d617d28d32f4aa21e3aafac47bd715d1154aeb977697d4d60b887b7103"
url = "https://github.com/helix-editor/helix/releases/download/25.07.1/helix-25.07.1-x86_64-macos.tar.xz"

[tools.helix."platforms.windows-x64"]
checksum = "sha256:5c8325ced8bacd8418d62706f669e96d9c3578a9237526e34d546900cbc049b6"
url = "https://github.com/helix-editor/helix/releases/download/25.07.1/helix-25.07.1-x86_64-windows.zip"

[[tools.just]]
version = "1.53.0"
backend = "aqua:casey/just"

[tools.just."platforms.linux-arm64"]
checksum = "sha256:f29d8e72380bc144465f632c7d59da311205eef2923d57511708b05b82f2e64f"
url = "https://github.com/casey/just/releases/download/1.53.0/just-1.53.0-aarch64-unknown-linux-musl.tar.gz"

[tools.just."platforms.linux-arm64-musl"]
checksum = "sha256:f29d8e72380bc144465f632c7d59da311205eef2923d57511708b05b82f2e64f"
url = "https://github.com/casey/just/releases/download/1.53.0/just-1.53.0-aarch64-unknown-linux-musl.tar.gz"

[tools.just."platforms.linux-x64"]
checksum = "sha256:7fedeb22c7e14d9ef1551e8b793700866d80f409f9884b0e80ebb65c11d4874d"
url = "https://github.com/casey/just/releases/download/1.53.0/just-1.53.0-x86_64-unknown-linux-musl.tar.gz"

[tools.just."platforms.linux-x64-musl"]
checksum = "sha256:7fedeb22c7e14d9ef1551e8b793700866d80f409f9884b0e80ebb65c11d4874d"
url = "https://github.com/casey/just/releases/download/1.53.0/just-1.53.0-x86_64-unknown-linux-musl.tar.gz"

[tools.just."platforms.macos-arm64"]
checksum = "sha256:27f1361f2e4fb5d733837f1a9f80f85c237e5a36c75ee14961e59141713aa4ed"
url = "https://github.com/casey/just/releases/download/1.53.0/just-1.53.0-aarch64-apple-darwin.tar.gz"

[tools.just."platforms.macos-x64"]
checksum = "sha256:bc345a26d40ae4697cb6b2f2ca04cdf1fbdc8c50eba1b40684c8bf3f98555d72"
url = "https://github.com/casey/just/releases/download/1.53.0/just-1.53.0-x86_64-apple-darwin.tar.gz"

[tools.just."platforms.windows-x64"]
checksum = "sha256:02308af0c174d3e0286f6bfc2b020258a3e12cd0c52c1d16fac8ef2c12dea0af"
url = "https://github.com/casey/just/releases/download/1.53.0/just-1.53.0-x86_64-pc-windows-msvc.zip"

[[tools.lazydocker]]
version = "0.25.2"
backend = "aqua:jesseduffield/lazydocker"

[tools.lazydocker."platforms.linux-arm64"]
checksum = "sha256:005c38b685aaa557e7d646d83a3dadb5024340eeed8c6a2e1949eee6f530de23"
url = "https://github.com/jesseduffield/lazydocker/releases/download/v0.25.2/lazydocker_0.25.2_Linux_arm64.tar.gz"

[tools.lazydocker."platforms.linux-arm64-musl"]
checksum = "sha256:005c38b685aaa557e7d646d83a3dadb5024340eeed8c6a2e1949eee6f530de23"
url = "https://github.com/jesseduffield/lazydocker/releases/download/v0.25.2/lazydocker_0.25.2_Linux_arm64.tar.gz"

[tools.lazydocker."platforms.linux-x64"]
checksum = "sha256:0d9dbfc26068b218e7ed84b104748cadc6e3cf733c0afd35465306fb39b9523c"
url = "https://github.com/jesseduffield/lazydocker/releases/download/v0.25.2/lazydocker_0.25.2_Linux_x86_64.tar.gz"

[tools.lazydocker."platforms.linux-x64-musl"]
checksum = "sha256:0d9dbfc26068b218e7ed84b104748cadc6e3cf733c0afd35465306fb39b9523c"
url = "https://github.com/jesseduffield/lazydocker/releases/download/v0.25.2/lazydocker_0.25.2_Linux_x86_64.tar.gz"

[tools.lazydocker."platforms.macos-arm64"]
checksum = "sha256:4a54d7b4abdf255b2bce9806641eac5568d5b7fbc820c1b5d3f9e34ea1367d60"
url = "https://github.com/jesseduffield/lazydocker/releases/download/v0.25.2/lazydocker_0.25.2_Darwin_arm64.tar.gz"

[tools.lazydocker."platforms.macos-x64"]
checksum = "sha256:af70b6e234089aa24924db25fc201d17f224e76d334e743e4595d30cf83a013b"
url = "https://github.com/jesseduffield/lazydocker/releases/download/v0.25.2/lazydocker_0.25.2_Darwin_x86_64.tar.gz"

[tools.lazydocker."platforms.windows-x64"]
checksum = "sha256:facae8869c1bf144468191c563002162273a2c2761f052659170530cae3fa8a9"
url = "https://github.com/jesseduffield/lazydocker/releases/download/v0.25.2/lazydocker_0.25.2_Windows_x86_64.zip"

[[tools.lazygit]]
version = "0.62.2"
backend = "aqua:jesseduffield/lazygit"

[tools.lazygit."platforms.linux-arm64"]
checksum = "sha256:9ab63dd75a7e9711c4c68a37d77f4334b8099a5d6a3f8fbe8f4e2768b159c9e9"
url = "https://github.com/jesseduffield/lazygit/releases/download/v0.62.2/lazygit_0.62.2_linux_arm64.tar.gz"

[tools.lazygit."platforms.linux-arm64-musl"]
checksum = "sha256:9ab63dd75a7e9711c4c68a37d77f4334b8099a5d6a3f8fbe8f4e2768b159c9e9"
url = "https://github.com/jesseduffield/lazygit/releases/download/v0.62.2/lazygit_0.62.2_linux_arm64.tar.gz"

[tools.lazygit."platforms.linux-x64"]
checksum = "sha256:8b9a4c2d0969cbea92b45c956dd2a44e1ba76900c9df49f1c60984045ce77984"
url = "https://github.com/jesseduffield/lazygit/releases/download/v0.62.2/lazygit_0.62.2_linux_x86_64.tar.gz"

[tools.lazygit."platforms.linux-x64-musl"]
checksum = "sha256:8b9a4c2d0969cbea92b45c956dd2a44e1ba76900c9df49f1c60984045ce77984"
url = "https://github.com/jesseduffield/lazygit/releases/download/v0.62.2/lazygit_0.62.2_linux_x86_64.tar.gz"

[tools.lazygit."platforms.macos-arm64"]
checksum = "sha256:f311d96b666b4865760e39f3967edfd7bf30b5d09e52a1bc7ae511f6bdfdd02c"
url = "https://github.com/jesseduffield/lazygit/releases/download/v0.62.2/lazygit_0.62.2_darwin_arm64.tar.gz"

[tools.lazygit."platforms.macos-x64"]
checksum = "sha256:21c276a94f8ddb55d8336df60d69a5b7509e7434024445b4d51d2a11bd6c76b6"
url = "https://github.com/jesseduffield/lazygit/releases/download/v0.62.2/lazygit_0.62.2_darwin_x86_64.tar.gz"

[tools.lazygit."platforms.windows-x64"]
checksum = "sha256:805bfcb2445273b77a32b7758dfb5d2d8dbd7b80b7336ab868935584a2fad0ba"
url = "https://github.com/jesseduffield/lazygit/releases/download/v0.62.2/lazygit_0.62.2_windows_x86_64.zip"

[[tools.mkcert]]
version = "1.4.4"
backend = "aqua:FiloSottile/mkcert"

[tools.mkcert."platforms.linux-arm64"]
url = "https://github.com/FiloSottile/mkcert/releases/download/v1.4.4/mkcert-v1.4.4-linux-arm64"

[tools.mkcert."platforms.linux-arm64-musl"]
url = "https://github.com/FiloSottile/mkcert/releases/download/v1.4.4/mkcert-v1.4.4-linux-arm64"

[tools.mkcert."platforms.linux-x64"]
url = "https://github.com/FiloSottile/mkcert/releases/download/v1.4.4/mkcert-v1.4.4-linux-amd64"

[tools.mkcert."platforms.linux-x64-musl"]
url = "https://github.com/FiloSottile/mkcert/releases/download/v1.4.4/mkcert-v1.4.4-linux-amd64"

[tools.mkcert."platforms.macos-arm64"]
url = "https://github.com/FiloSottile/mkcert/releases/download/v1.4.4/mkcert-v1.4.4-darwin-arm64"

[tools.mkcert."platforms.macos-x64"]
url = "https://github.com/FiloSottile/mkcert/releases/download/v1.4.4/mkcert-v1.4.4-darwin-amd64"

[tools.mkcert."platforms.windows-x64"]
url = "https://github.com/FiloSottile/mkcert/releases/download/v1.4.4/mkcert-v1.4.4-windows-amd64.exe"

[[tools.node]]
version = "26.3.1"
backend = "core:node"

[tools.node."platforms.linux-arm64"]
checksum = "sha256:2f0829b201e9db20996ae15bce62138df1e3d317775b005778b05cf7b19714f1"
url = "https://nodejs.org/dist/v26.3.1/node-v26.3.1-linux-arm64.tar.gz"

[tools.node."platforms.linux-arm64-musl"]
checksum = "sha256:e9d31a59e9164ad4be47e3148fc54964a9c275394f367e127eed1a0b3009c706"
url = "https://unofficial-builds.nodejs.org/download/release/v26.3.1/node-v26.3.1-linux-arm64-musl.tar.gz"

[tools.node."platforms.linux-x64"]
checksum = "sha256:e892cd615e637edebcf22f9653d80fba63167ad6754d20881fd52cc37be81441"
url = "https://nodejs.org/dist/v26.3.1/node-v26.3.1-linux-x64.tar.gz"

[tools.node."platforms.linux-x64-musl"]
checksum = "sha256:4d1a7bebcc0ee2534edc2d5f93cad34435ed4b601766d26b706c043727d4cca5"
url = "https://unofficial-builds.nodejs.org/download/release/v26.3.1/node-v26.3.1-linux-x64-musl.tar.gz"

[tools.node."platforms.macos-arm64"]
checksum = "sha256:3f624ab0d774553c0d28b968e141d8c676a35a2811fb0b7b356ba9cbdce15f74"
url = "https://nodejs.org/dist/v26.3.1/node-v26.3.1-darwin-arm64.tar.gz"

[tools.node."platforms.macos-x64"]
checksum = "sha256:3ec9e5a28c641c088f3d04ad38721bfdedb2f8aa8c031979fa93df08b5a92e58"
url = "https://nodejs.org/dist/v26.3.1/node-v26.3.1-darwin-x64.tar.gz"

[tools.node."platforms.windows-x64"]
checksum = "sha256:45001b289ebffe7b22260898f3750059183d8246042b88e8ffa4337e65e6763e"
url = "https://nodejs.org/dist/v26.3.1/node-v26.3.1-win-x64.zip"

[[tools."npm:@colbymchenry/codegraph"]]
version = "1.0.1"
backend = "npm:@colbymchenry/codegraph"

[[tools."npm:@github/copilot"]]
version = "1.0.63"
backend = "npm:@github/copilot"

[[tools."npm:ccusage"]]
version = "20.0.14"
backend = "npm:ccusage"

[[tools.opencode]]
version = "1.17.9"
backend = "aqua:anomalyco/opencode"

[tools.opencode."platforms.linux-arm64"]
checksum = "sha256:8cc511f9794e575e5d3c4c2654930d05670186df649c26b50889ac73c65dde21"
url = "https://github.com/anomalyco/opencode/releases/download/v1.17.9/opencode-linux-arm64.tar.gz"

[tools.opencode."platforms.linux-arm64-musl"]
checksum = "sha256:be7718d83a942ae3c833ba80b3675134b3dff2cb3ce16637b012674cb3632217"
url = "https://github.com/anomalyco/opencode/releases/download/v1.17.9/opencode-linux-arm64-musl.tar.gz"

[tools.opencode."platforms.linux-x64"]
checksum = "sha256:85aeac95258d409d16ca34f1cfcd74c78d9d1a70b0a4154128b588e1405384f9"
url = "https://github.com/anomalyco/opencode/releases/download/v1.17.9/opencode-linux-x64.tar.gz"

[tools.opencode."platforms.linux-x64-musl"]
checksum = "sha256:11dc4541369add43315c1d58777838b712f38952d836ed734801d5ad1f0cee0f"
url = "https://github.com/anomalyco/opencode/releases/download/v1.17.9/opencode-linux-x64-musl.tar.gz"

[tools.opencode."platforms.macos-arm64"]
checksum = "sha256:913d813a88ca4f6209b9c48e548bd376eef4d1e74c2bb113aa91aa96c784d332"
url = "https://github.com/anomalyco/opencode/releases/download/v1.17.9/opencode-darwin-arm64.zip"

[tools.opencode."platforms.macos-x64"]
checksum = "sha256:8174a53ab3f8bbcc633c6e7d914258f1572e133bd008882c489cb4dbac60115d"
url = "https://github.com/anomalyco/opencode/releases/download/v1.17.9/opencode-darwin-x64.zip"

[tools.opencode."platforms.windows-x64"]
checksum = "sha256:d1a97aa05e5795dbb8591b9732d9eafb7723de7952b884d05986a51fd31294c7"
url = "https://github.com/anomalyco/opencode/releases/download/v1.17.9/opencode-windows-x64.zip"

[[tools.pandoc]]
version = "3.10"
backend = "github:jgm/pandoc"

[tools.pandoc."platforms.linux-arm64"]
checksum = "sha256:55413dfb0c1aec861641fe858f1f73e84848f3db497b1c0c02e62887ea76f4a4"
url = "https://github.com/jgm/pandoc/releases/download/3.10/pandoc-3.10-linux-arm64.tar.gz"
url_api = "https://api.github.com/repos/jgm/pandoc/releases/assets/438408619"
provenance = "github-attestations"

[tools.pandoc."platforms.linux-arm64-musl"]
checksum = "sha256:55413dfb0c1aec861641fe858f1f73e84848f3db497b1c0c02e62887ea76f4a4"
url = "https://github.com/jgm/pandoc/releases/download/3.10/pandoc-3.10-linux-arm64.tar.gz"
url_api = "https://api.github.com/repos/jgm/pandoc/releases/assets/438408619"
provenance = "github-attestations"

[tools.pandoc."platforms.linux-x64"]
checksum = "sha256:e0f8af62d0f267d22baa5bcefe6d5dda3a097ccc60de794b759fe03159923244"
url = "https://github.com/jgm/pandoc/releases/download/3.10/pandoc-3.10-linux-amd64.tar.gz"
url_api = "https://api.github.com/repos/jgm/pandoc/releases/assets/438406829"
provenance = "github-attestations"

[tools.pandoc."platforms.linux-x64-musl"]
checksum = "sha256:e0f8af62d0f267d22baa5bcefe6d5dda3a097ccc60de794b759fe03159923244"
url = "https://github.com/jgm/pandoc/releases/download/3.10/pandoc-3.10-linux-amd64.tar.gz"
url_api = "https://api.github.com/repos/jgm/pandoc/releases/assets/438406829"
provenance = "github-attestations"

[tools.pandoc."platforms.macos-arm64"]
checksum = "sha256:d9cad01d96ae774a0dc8c8c45bb1ad3e4c5ff2cc2e24f45958f5f9b7974aee34"
url = "https://github.com/jgm/pandoc/releases/download/3.10/pandoc-3.10-arm64-macOS.zip"
url_api = "https://api.github.com/repos/jgm/pandoc/releases/assets/438404702"
provenance = "github-attestations"

[tools.pandoc."platforms.macos-x64"]
checksum = "sha256:6334f4d9af7c9e37e761dfad56fa5507685f6d29724ebf31c4be6d5c654a3161"
url = "https://github.com/jgm/pandoc/releases/download/3.10/pandoc-3.10-x86_64-macOS.zip"
url_api = "https://api.github.com/repos/jgm/pandoc/releases/assets/438436357"
provenance = "github-attestations"

[tools.pandoc."platforms.windows-x64"]
checksum = "sha256:bb808d00fd58762299d64582a9b4c3e4b106cd929e62c5f19bcdcb496f1e54ae"
url = "https://github.com/jgm/pandoc/releases/download/3.10/pandoc-3.10-windows-x86_64.zip"
url_api = "https://api.github.com/repos/jgm/pandoc/releases/assets/438414170"
provenance = "github-attestations"

[[tools."pipx:headroom-ai"]]
version = "0.26.0"
backend = "pipx:headroom-ai"

[tools."pipx:headroom-ai".options]
extras = "all"

[[tools.ripgrep]]
version = "15.1.0"
backend = "aqua:BurntSushi/ripgrep"

[tools.ripgrep."platforms.linux-arm64"]
checksum = "sha256:2b661c6ef508e902f388e9098d9c4c5aca72c87b55922d94abdba830b4dc885e"
url = "https://github.com/BurntSushi/ripgrep/releases/download/15.1.0/ripgrep-15.1.0-aarch64-unknown-linux-gnu.tar.gz"

[tools.ripgrep."platforms.linux-x64"]
checksum = "sha256:1c9297be4a084eea7ecaedf93eb03d058d6faae29bbc57ecdaf5063921491599"
url = "https://github.com/BurntSushi/ripgrep/releases/download/15.1.0/ripgrep-15.1.0-x86_64-unknown-linux-musl.tar.gz"

[tools.ripgrep."platforms.linux-x64-musl"]
checksum = "sha256:1c9297be4a084eea7ecaedf93eb03d058d6faae29bbc57ecdaf5063921491599"
url = "https://github.com/BurntSushi/ripgrep/releases/download/15.1.0/ripgrep-15.1.0-x86_64-unknown-linux-musl.tar.gz"

[tools.ripgrep."platforms.macos-arm64"]
checksum = "sha256:378e973289176ca0c6054054ee7f631a065874a352bf43f0fa60ef079b6ba715"
url = "https://github.com/BurntSushi/ripgrep/releases/download/15.1.0/ripgrep-15.1.0-aarch64-apple-darwin.tar.gz"

[tools.ripgrep."platforms.macos-x64"]
checksum = "sha256:64811cb24e77cac3057d6c40b63ac9becf9082eedd54ca411b475b755d334882"
url = "https://github.com/BurntSushi/ripgrep/releases/download/15.1.0/ripgrep-15.1.0-x86_64-apple-darwin.tar.gz"

[tools.ripgrep."platforms.windows-x64"]
checksum = "sha256:124510b94b6baa3380d051fdf4650eaa80a302c876d611e9dba0b2e18d87493a"
url = "https://github.com/BurntSushi/ripgrep/releases/download/15.1.0/ripgrep-15.1.0-x86_64-pc-windows-msvc.zip"

[[tools.rtk]]
version = "0.42.4"
backend = "aqua:rtk-ai/rtk"

[tools.rtk."platforms.linux-arm64"]
checksum = "sha256:cc2b91c064eb670c097c184913c8fbcb1a943d53d7fe505375e96ba0c5b6459f"
url = "https://github.com/rtk-ai/rtk/releases/download/v0.42.4/rtk-aarch64-unknown-linux-gnu.tar.gz"

[tools.rtk."platforms.linux-x64"]
checksum = "sha256:34975116da11e09e502501daf758143e0b22ed3a42a10eb67fb693a6270d9e36"
url = "https://github.com/rtk-ai/rtk/releases/download/v0.42.4/rtk-x86_64-unknown-linux-musl.tar.gz"

[tools.rtk."platforms.linux-x64-musl"]
checksum = "sha256:34975116da11e09e502501daf758143e0b22ed3a42a10eb67fb693a6270d9e36"
url = "https://github.com/rtk-ai/rtk/releases/download/v0.42.4/rtk-x86_64-unknown-linux-musl.tar.gz"

[tools.rtk."platforms.macos-arm64"]
checksum = "sha256:f223ca074a0215af002679bc1d34ca92b93e25b3e8ae16aace6e84c06e586802"
url = "https://github.com/rtk-ai/rtk/releases/download/v0.42.4/rtk-aarch64-apple-darwin.tar.gz"

[tools.rtk."platforms.macos-x64"]
checksum = "sha256:84121316867613e61925c209607f033b2113bb0ce312c267a79d3e3e8f221e49"
url = "https://github.com/rtk-ai/rtk/releases/download/v0.42.4/rtk-x86_64-apple-darwin.tar.gz"

[tools.rtk."platforms.windows-x64"]
checksum = "sha256:f0ec18963581657173bd6a51f5ba012b093823f844db749fec218581af30a568"
url = "https://github.com/rtk-ai/rtk/releases/download/v0.42.4/rtk-x86_64-pc-windows-msvc.zip"

[[tools.ruby]]
version = "4.0.5"
backend = "core:ruby"

[tools.ruby.options]
compile = "false"
precompiled_url = "jdx/ruby"
ruby_build_repo = "https://github.com/rbenv/ruby-build.git"
ruby_install = "false"

[tools.ruby."platforms.linux-arm64"]
checksum = "sha256:fa8d337b2e97149f17d609cec5e6e5907f032390ad24bc3095f66157ce2eddf1"
url = "https://github.com/jdx/ruby/releases/download/4.0.5-1/ruby-4.0.5.arm64_linux.tar.gz"
provenance = "github-attestations"

[tools.ruby."platforms.linux-arm64-musl"]
checksum = "sha256:fa8d337b2e97149f17d609cec5e6e5907f032390ad24bc3095f66157ce2eddf1"
url = "https://github.com/jdx/ruby/releases/download/4.0.5-1/ruby-4.0.5.arm64_linux.tar.gz"
provenance = "github-attestations"

[tools.ruby."platforms.linux-x64"]
checksum = "sha256:831f0e8bdc423156065d7965116f8d5c5fac943aff9128342094e2d745bd2051"
url = "https://github.com/jdx/ruby/releases/download/4.0.5-1/ruby-4.0.5.x86_64_linux.tar.gz"
provenance = "github-attestations"

[tools.ruby."platforms.linux-x64-musl"]
checksum = "sha256:831f0e8bdc423156065d7965116f8d5c5fac943aff9128342094e2d745bd2051"
url = "https://github.com/jdx/ruby/releases/download/4.0.5-1/ruby-4.0.5.x86_64_linux.tar.gz"
provenance = "github-attestations"

[tools.ruby."platforms.macos-arm64"]
checksum = "sha256:cc07d78e61eef4a0d04fce62bce56b6822b261dbed30bad306f6bc7f9ca7085d"
url = "https://github.com/jdx/ruby/releases/download/4.0.5-1/ruby-4.0.5.macos.tar.gz"
provenance = "github-attestations"

[tools.ruby."platforms.macos-x64"]
checksum = "sha256:7d6149079a63f8ae1d326c9fa65c6019ba2dc3155eae7b39159817911c88958e"
url = "https://cache.ruby-lang.org/pub/ruby/4.0/ruby-4.0.5.tar.gz"

[[tools.rust]]
version = "1.96.0"
backend = "core:rust"

[[tools.starship]]
version = "1.25.1"
backend = "aqua:starship/starship"

[tools.starship."platforms.linux-arm64"]
checksum = "sha256:01517aab398959ea9ea73bdb4f032ea4dbb51dff5c8e5eb05b4a1b9b7ab872b8"
url = "https://github.com/starship/starship/releases/download/v1.25.1/starship-aarch64-unknown-linux-musl.tar.gz"

[tools.starship."platforms.linux-arm64-musl"]
checksum = "sha256:01517aab398959ea9ea73bdb4f032ea4dbb51dff5c8e5eb05b4a1b9b7ab872b8"
url = "https://github.com/starship/starship/releases/download/v1.25.1/starship-aarch64-unknown-linux-musl.tar.gz"

[tools.starship."platforms.linux-x64"]
checksum = "sha256:c6ddd3ecb9c0071a2ad38d98cee748160066b7c4f197421268058f4a5d6f8504"
url = "https://github.com/starship/starship/releases/download/v1.25.1/starship-x86_64-unknown-linux-musl.tar.gz"

[tools.starship."platforms.linux-x64-musl"]
checksum = "sha256:c6ddd3ecb9c0071a2ad38d98cee748160066b7c4f197421268058f4a5d6f8504"
url = "https://github.com/starship/starship/releases/download/v1.25.1/starship-x86_64-unknown-linux-musl.tar.gz"

[tools.starship."platforms.macos-arm64"]
checksum = "sha256:1062a2363489b9335529b83204472f02633c08fc3609f1b325be5eba36feb631"
url = "https://github.com/starship/starship/releases/download/v1.25.1/starship-aarch64-apple-darwin.tar.gz"

[tools.starship."platforms.macos-x64"]
checksum = "sha256:f86fbe7a3b9f262bcf34ca61e9e996243da511c5500dcd81a1e4daa542869276"
url = "https://github.com/starship/starship/releases/download/v1.25.1/starship-x86_64-apple-darwin.tar.gz"

[tools.starship."platforms.windows-x64"]
checksum = "sha256:a07cf3e428afab09324e510fb786041ebcc491a68b1ca6fba044c5a461f9b017"
url = "https://github.com/starship/starship/releases/download/v1.25.1/starship-x86_64-pc-windows-msvc.zip"

[[tools.tlrc]]
version = "1.13.1"
backend = "aqua:tldr-pages/tlrc"

[tools.tlrc."platforms.linux-x64"]
checksum = "sha256:e63b80e180b956ae2114c39d7fb10e607ffaa46b6d8c370d90868389a228584d"
url = "https://github.com/tldr-pages/tlrc/releases/download/v1.13.1/tlrc-v1.13.1-x86_64-unknown-linux-musl.tar.gz"
provenance = "github-attestations"

[tools.tlrc."platforms.linux-x64-musl"]
checksum = "sha256:e63b80e180b956ae2114c39d7fb10e607ffaa46b6d8c370d90868389a228584d"
url = "https://github.com/tldr-pages/tlrc/releases/download/v1.13.1/tlrc-v1.13.1-x86_64-unknown-linux-musl.tar.gz"
provenance = "github-attestations"

[tools.tlrc."platforms.macos-arm64"]
checksum = "sha256:2db4a3c772ae30243cd6bb4231cc43eff005d311618666af91e49662310b8e8b"
url = "https://github.com/tldr-pages/tlrc/releases/download/v1.13.1/tlrc-v1.13.1-x86_64-apple-darwin.tar.gz"
provenance = "github-attestations"

[tools.tlrc."platforms.macos-x64"]
checksum = "sha256:2db4a3c772ae30243cd6bb4231cc43eff005d311618666af91e49662310b8e8b"
url = "https://github.com/tldr-pages/tlrc/releases/download/v1.13.1/tlrc-v1.13.1-x86_64-apple-darwin.tar.gz"
provenance = "github-attestations"

[tools.tlrc."platforms.windows-x64"]
checksum = "sha256:8b85477c935365008214be7a5fd319c56855175ff0c4e8cc2d01fa94accdd210"
url = "https://github.com/tldr-pages/tlrc/releases/download/v1.13.1/tlrc-v1.13.1-x86_64-pc-windows-msvc.zip"
provenance = "github-attestations"

[[tools.uv]]
version = "0.11.25"
backend = "asdf:uv"

[[tools.yq]]
version = "4.53.3"
backend = "aqua:mikefarah/yq"

[tools.yq."platforms.linux-arm64"]
checksum = "sha256:578648e463a11c1b6db6010cbf41eafed6bee79466fcffa1bb446672cf7945ea"
url = "https://github.com/mikefarah/yq/releases/download/v4.53.3/yq_linux_arm64"

[tools.yq."platforms.linux-arm64-musl"]
checksum = "sha256:578648e463a11c1b6db6010cbf41eafed6bee79466fcffa1bb446672cf7945ea"
url = "https://github.com/mikefarah/yq/releases/download/v4.53.3/yq_linux_arm64"

[tools.yq."platforms.linux-x64"]
checksum = "sha256:fa52a4e758c63d38299163fbdd1edfb4c4963247918bf9c1c5d31d84789eded4"
url = "https://github.com/mikefarah/yq/releases/download/v4.53.3/yq_linux_amd64"

[tools.yq."platforms.linux-x64-musl"]
checksum = "sha256:fa52a4e758c63d38299163fbdd1edfb4c4963247918bf9c1c5d31d84789eded4"
url = "https://github.com/mikefarah/yq/releases/download/v4.53.3/yq_linux_amd64"

[tools.yq."platforms.macos-arm64"]
checksum = "sha256:877de31753a4dd2401aa048937aa9a7fc4d5f6ce858cf31508c5802954297213"
url = "https://github.com/mikefarah/yq/releases/download/v4.53.3/yq_darwin_arm64"

[tools.yq."platforms.macos-x64"]
checksum = "sha256:b4ba1ecce3c47f00803f4f964de38394326c7a32eb6540616e04fb2935a0f08d"
url = "https://github.com/mikefarah/yq/releases/download/v4.53.3/yq_darwin_amd64"

[tools.yq."platforms.windows-x64"]
checksum = "sha256:e279bc506a452eeafcdf364f91a025455e402a8001169083caf01f4b64a544e2"
url = "https://github.com/mikefarah/yq/releases/download/v4.53.3/yq_windows_amd64.exe"
